{
  "lockfile-version": 1,
  "manifest": {
    "version": 1,
    "install": {
      "cargo": {
        "pkg-path": "cargo",
        "pkg-group": "rust-toolchain"
      },
      "cargo-nextest": {
        "pkg-path": "cargo-nextest"
      },
      "clang": {
        "pkg-path": "clang",
        "systems": [
          "aarch64-darwin"
        ]
      },
      "clippy": {
        "pkg-path": "clippy",
        "pkg-group": "rust-toolchain"
      },
      "gcc": {
        "pkg-path": "gcc",
        "systems": [
          "aarch64-linux",
          "x86_64-linux"
        ]
      },
      "jujutsu": {
        "pkg-path": "jujutsu"
      },
      "libiconv": {
        "pkg-path": "libiconv",
        "systems": [
          "aarch64-darwin"
        ]
      },
      "nodejs": {
        "pkg-path": "nodejs"
      },
      "rust-analyzer": {
        "pkg-path": "rust-analyzer",
        "pkg-group": "rust-analyzer"
      },
      "rust-lib-src": {
        "pkg-path": "rustPlatform.rustLibSrc",
        "pkg-group": "rust-toolchain"
      },
      "rustc": {
        "pkg-path": "rustc",
        "pkg-group": "rust-toolchain"
      },
      "rustfmt": {
        "pkg-path": "rustfmt",
        "pkg-group": "rust-toolchain"
      },
      "yek": {
        "pkg-path": "yek"
      }
    },
    "hook": {},
    "profile": {},
    "options": {
      "systems": [
        "aarch64-darwin",
        "aarch64-linux",
        "x86_64-darwin",
        "x86_64-linux"
      ],
      "allow": {
        "licenses": []
      },
      "semver": {}
    }
  },
  "packages": [
    {
      "attr_path": "rust-analyzer",
      "broken": false,
      "derivation": "/nix/store/3rz6i46wm7j9qmxywx3q6xn3ynnzz1vv-rust-analyzer-2025-02-24.drv",
      "description": "Modular compiler frontend for the Rust language",
      "install_id": "rust-analyzer",
      "license": "[ MIT, Apache-2.0 ]",
      "locked_url": "https://github.com/flox/nixpkgs?rev=36fd87baa9083f34f7f5027900b62ee6d09b1f2f",
      "name": "rust-analyzer-2025-02-24",
      "pname": "rust-analyzer",
      "rev": "36fd87baa9083f34f7f5027900b62ee6d09b1f2f",
      "rev_count": 764203,
      "rev_date": "2025-03-07T20:39:30Z",
      "scrape_date": "2025-03-09T00:31:08Z",
      "stabilities": [
        "unstable"
      ],
      "unfree": false,
      "version": "2025-02-24",
      "outputs_to_install": [
        "out"
      ],
      "outputs": {
        "out": "/nix/store/a6jf2w5hz3zrpg5rncippn1fzpz4bn2z-rust-analyzer-2025-02-24"
      },
      "system": "aarch64-darwin",
      "group": "rust-analyzer",
      "priority": 5
    },
    {
      "attr_path": "rust-analyzer",
      "broken": false,
      "derivation": "/nix/store/wsj7gm2c757yc3nz70ab0z75wccxgzi0-rust-analyzer-2025-02-24.drv",
      "description": "Modular compiler frontend for the Rust language",
      "install_id": "rust-analyzer",
      "license": "[ MIT, Apache-2.0 ]",
      "locked_url": "https://github.com/flox/nixpkgs?rev=36fd87baa9083f34f7f5027900b62ee6d09b1f2f",
      "name": "rust-analyzer-2025-02-24",
      "pname": "rust-analyzer",
      "rev": "36fd87baa9083f34f7f5027900b62ee6d09b1f2f",
      "rev_count": 764203,
      "rev_date": "2025-03-07T20:39:30Z",
      "scrape_date": "2025-03-09T00:31:08Z",
      "stabilities": [
        "unstable"
      ],
      "unfree": false,
      "version": "2025-02-24",
      "outputs_to_install": [
        "out"
      ],
      "outputs": {
        "out": "/nix/store/jp2d8yyyh9iin5vln2iwz1agcavs08l8-rust-analyzer-2025-02-24"
      },
      "system": "aarch64-linux",
      "group": "rust-analyzer",
      "priority": 5
    },
    {
      "attr_path": "rust-analyzer",
      "broken": false,
      "derivation": "/nix/store/bf7bm9h6lq1w94vs9mpniipaskz1pyr5-rust-analyzer-2025-02-24.drv",
      "description": "Modular compiler frontend for the Rust language",
      "install_id": "rust-analyzer",
      "license": "[ MIT, Apache-2.0 ]",
      "locked_url": "https://github.com/flox/nixpkgs?rev=36fd87baa9083f34f7f5027900b62ee6d09b1f2f",
      "name": "rust-analyzer-2025-02-24",
      "pname": "rust-analyzer",
      "rev": "36fd87baa9083f34f7f5027900b62ee6d09b1f2f",
      "rev_count": 764203,
      "rev_date": "2025-03-07T20:39:30Z",
      "scrape_date": "2025-03-09T00:31:08Z",
      "stabilities": [
        "unstable"
      ],
      "unfree": false,
      "version": "2025-02-24",
      "outputs_to_install": [
        "out"
      ],
      "outputs": {
        "out": "/nix/store/fk538gzb24qw1m63jhxh03cngmzgpy26-rust-analyzer-2025-02-24"
      },
      "system": "x86_64-darwin",
      "group": "rust-analyzer",
      "priority": 5
    },
    {
      "attr_path": "rust-analyzer",
      "broken": false,
      "derivation": "/nix/store/gj0rr7zyi1daxr953z2vwhzqj6kfhydy-rust-analyzer-2025-02-24.drv",
      "description": "Modular compiler frontend for the Rust language",
      "install_id": "rust-analyzer",
      "license": "[ MIT, Apache-2.0 ]",
      "locked_url": "https://github.com/flox/nixpkgs?rev=36fd87baa9083f34f7f5027900b62ee6d09b1f2f",
      "name": "rust-analyzer-2025-02-24",
      "pname": "rust-analyzer",
      "rev": "36fd87baa9083f34f7f5027900b62ee6d09b1f2f",
      "rev_count": 764203,
      "rev_date": "2025-03-07T20:39:30Z",
      "scrape_date": "2025-03-09T00:31:08Z",
      "stabilities": [
        "unstable"
      ],
      "unfree": false,
      "version": "2025-02-24",
      "outputs_to_install": [
        "out"
      ],
      "outputs": {
        "out": "/nix/store/84bmcyj9ps25yxh5igyp65j8b80015ms-rust-analyzer-2025-02-24"
      },
      "system": "x86_64-linux",
      "group": "rust-analyzer",
      "priority": 5
    },
    {
      "attr_path": "cargo",
      "broken": false,
      "derivation": "/nix/store/a6g86mcvjaa5py083c2ibch141vanpl7-cargo-1.84.1.drv",
      "description": "Downloads your Rust project's dependencies and builds your project",
      "install_id": "cargo",
      "license": "[ MIT, Apache-2.0 ]",
      "locked_url": "https://github.com/flox/nixpkgs?rev=36fd87baa9083f34f7f5027900b62ee6d09b1f2f",
      "name": "cargo-1.84.1",
      "pname": "cargo",
      "rev": "36fd87baa9083f34f7f5027900b62ee6d09b1f2f",
      "rev_count": 764203,
      "rev_date": "2025-03-07T20:39:30Z",
      "scrape_date": "2025-03-09T00:31:08Z",
      "stabilities": [
        "unstable"
      ],
      "unfree": false,
      "version": "1.84.1",
      "outputs_to_install": [
        "out"
      ],
      "outputs": {
        "out": "/nix/store/0yqscqxyw0772804k8hwd0vqk8idk3pn-cargo-1.84.1"
      },
      "system": "aarch64-darwin",
      "group": "rust-toolchain",
      "priority": 5
    },
    {
      "attr_path": "cargo",
      "broken": false,
      "derivation": "/nix/store/fk1izxn2wqva734hjx6639x4ih7abx2j-cargo-1.84.1.drv",
      "description": "Downloads your Rust project's dependencies and builds your project",
      "install_id": "cargo",
      "license": "[ MIT, Apache-2.0 ]",
      "locked_url": "https://github.com/flox/nixpkgs?rev=36fd87baa9083f34f7f5027900b62ee6d09b1f2f",
      "name": "cargo-1.84.1",
      "pname": "cargo",
      "rev": "36fd87baa9083f34f7f5027900b62ee6d09b1f2f",
      "rev_count": 764203,
      "rev_date": "2025-03-07T20:39:30Z",
      "scrape_date": "2025-03-09T00:31:08Z",
      "stabilities": [
        "unstable"
      ],
      "unfree": false,
      "version": "1.84.1",
      "outputs_to_install": [
        "out"
      ],
      "outputs": {
        "out": "/nix/store/r8h38cilpi1sk02n3939myjz1k9id41g-cargo-1.84.1"
      },
      "system": "aarch64-linux",
      "group": "rust-toolchain",
      "priority": 5
    },
    {
      "attr_path": "cargo",
      "broken": false,
      "derivation": "/nix/store/01pr2lgwh7a4wrzdz67rdhr11h9shsbv-cargo-1.84.1.drv",
      "description": "Downloads your Rust project's dependencies and builds your project",
      "install_id": "cargo",
      "license": "[ MIT, Apache-2.0 ]",
      "locked_url": "https://github.com/flox/nixpkgs?rev=36fd87baa9083f34f7f5027900b62ee6d09b1f2f",
      "name": "cargo-1.84.1",
      "pname": "cargo",
      "rev": "36fd87baa9083f34f7f5027900b62ee6d09b1f2f",
      "rev_count": 764203,
      "rev_date": "2025-03-07T20:39:30Z",
      "scrape_date": "2025-03-09T00:31:08Z",
      "stabilities": [
        "unstable"
      ],
      "unfree": false,
      "version": "1.84.1",
      "outputs_to_install": [
        "out"
      ],
      "outputs": {
        "out": "/nix/store/hxn46kb8bnbhdkwk232cj0j888w06dzn-cargo-1.84.1"
      },
      "system": "x86_64-darwin",
      "group": "rust-toolchain",
      "priority": 5
    },
    {
      "attr_path": "cargo",
      "broken": false,
      "derivation": "/nix/store/q1fyi7x4nmsar44jic5zpjcvnwnrjva5-cargo-1.84.1.drv",
      "description": "Downloads your Rust project's dependencies and builds your project",
      "install_id": "cargo",
      "license": "[ MIT, Apache-2.0 ]",
      "locked_url": "https://github.com/flox/nixpkgs?rev=36fd87baa9083f34f7f5027900b62ee6d09b1f2f",
      "name": "cargo-1.84.1",
      "pname": "cargo",
      "rev": "36fd87baa9083f34f7f5027900b62ee6d09b1f2f",
      "rev_count": 764203,
      "rev_date": "2025-03-07T20:39:30Z",
      "scrape_date": "2025-03-09T00:31:08Z",
      "stabilities": [
        "unstable"
      ],
      "unfree": false,
      "version": "1.84.1",
      "outputs_to_install": [
        "out"
      ],
      "outputs": {
        "out": "/nix/store/ac8da0sqpg4pyhzyr0qgl26d5dnpn7qp-cargo-1.84.1"
      },
      "system": "x86_64-linux",
      "group": "rust-toolchain",
      "priority": 5
    },
    {
      "attr_path": "clippy",
      "broken": false,
      "derivation": "/nix/store/4scrznavbl29r0is095ppiymss8rq4w8-clippy-1.84.1.drv",
      "description": "Bunch of lints to catch common mistakes and improve your Rust code",
      "install_id": "clippy",
      "license": "[ MIT, Apache-2.0 ]",
      "locked_url": "https://github.com/flox/nixpkgs?rev=36fd87baa9083f34f7f5027900b62ee6d09b1f2f",
      "name": "clippy-1.84.1",
      "pname": "clippy",
      "rev": "36fd87baa9083f34f7f5027900b62ee6d09b1f2f",
      "rev_count": 764203,
      "rev_date": "2025-03-07T20:39:30Z",
      "scrape_date": "2025-03-09T00:31:08Z",
      "stabilities": [
        "unstable"
      ],
      "unfree": false,
      "version": "1.84.1",
      "outputs_to_install": [
        "out"
      ],
      "outputs": {
        "out": "/nix/store/9hr41dr62pvgq1dljdhhccm708z5bjiq-clippy-1.84.1"
      },
      "system": "aarch64-darwin",
      "group": "rust-toolchain",
      "priority": 5
    },
    {
      "attr_path": "clippy",
      "broken": false,
      "derivation": "/nix/store/bs5anx8rw2qhd2pghywpxscai7m1yiwp-clippy-1.84.1.drv",
      "description": "Bunch of lints to catch common mistakes and improve your Rust code",
      "install_id": "clippy",
      "license": "[ MIT, Apache-2.0 ]",
      "locked_url": "https://github.com/flox/nixpkgs?rev=36fd87baa9083f34f7f5027900b62ee6d09b1f2f",
      "name": "clippy-1.84.1",
      "pname": "clippy",
      "rev": "36fd87baa9083f34f7f5027900b62ee6d09b1f2f",
      "rev_count": 764203,
      "rev_date": "2025-03-07T20:39:30Z",
      "scrape_date": "2025-03-09T00:31:08Z",
      "stabilities": [
        "unstable"
      ],
      "unfree": false,
      "version": "1.84.1",
      "outputs_to_install": [
        "out"
      ],
      "outputs": {
        "debug": "/nix/store/g17yllch8nqgadlrri0chnbx50h92jwx-clippy-1.84.1-debug",
        "out": "/nix/store/zi393kyiclk03whahcxpdap822hns8ns-clippy-1.84.1"
      },
      "system": "aarch64-linux",
      "group": "rust-toolchain",
      "priority": 5
    },
    {
      "attr_path": "clippy",
      "broken": false,
      "derivation": "/nix/store/39nvz18qac31c1vxwj8rlypc3pl1k95i-clippy-1.84.1.drv",
      "description": "Bunch of lints to catch common mistakes and improve your Rust code",
      "install_id": "clippy",
      "license": "[ MIT, Apache-2.0 ]",
      "locked_url": "https://github.com/flox/nixpkgs?rev=36fd87baa9083f34f7f5027900b62ee6d09b1f2f",
      "name": "clippy-1.84.1",
      "pname": "clippy",
      "rev": "36fd87baa9083f34f7f5027900b62ee6d09b1f2f",
      "rev_count": 764203,
      "rev_date": "2025-03-07T20:39:30Z",
      "scrape_date": "2025-03-09T00:31:08Z",
      "stabilities": [
        "unstable"
      ],
      "unfree": false,
      "version": "1.84.1",
      "outputs_to_install": [
        "out"
      ],
      "outputs": {
        "out": "/nix/store/8rp4hi2vbxr2h3p9ys5byvg65bhs9i5s-clippy-1.84.1"
      },
      "system": "x86_64-darwin",
      "group": "rust-toolchain",
      "priority": 5
    },
    {
      "attr_path": "clippy",
      "broken": false,
      "derivation": "/nix/store/4xlqsg58gzxk38l6rq244y4iz5zafzdb-clippy-1.84.1.drv",
      "description": "Bunch of lints to catch common mistakes and improve your Rust code",
      "install_id": "clippy",
      "license": "[ MIT, Apache-2.0 ]",
      "locked_url": "https://github.com/flox/nixpkgs?rev=36fd87baa9083f34f7f5027900b62ee6d09b1f2f",
      "name": "clippy-1.84.1",
      "pname": "clippy",
      "rev": "36fd87baa9083f34f7f5027900b62ee6d09b1f2f",
      "rev_count": 764203,
      "rev_date": "2025-03-07T20:39:30Z",
      "scrape_date": "2025-03-09T00:31:08Z",
      "stabilities": [
        "unstable"
      ],
      "unfree": false,
      "version": "1.84.1",
      "outputs_to_install": [
        "out"
      ],
      "outputs": {
        "debug": "/nix/store/j76kaf8c9k2rxhspk2wydd2m6r2mmg97-clippy-1.84.1-debug",
        "out": "/nix/store/9ckkc7ah643nmad57jbz86806qfkv8zh-clippy-1.84.1"
      },
      "system": "x86_64-linux",
      "group": "rust-toolchain",
      "priority": 5
    },
    {
      "attr_path": "rustPlatform.rustLibSrc",
      "broken": false,
      "derivation": "/nix/store/20az0ydrjglf7cxazqkvxqgwxpxzj9py-rust-lib-src.drv",
      "install_id": "rust-lib-src",
      "locked_url": "https://github.com/flox/nixpkgs?rev=36fd87baa9083f34f7f5027900b62ee6d09b1f2f",
      "name": "rust-lib-src",
      "pname": "rustLibSrc",
      "rev": "36fd87baa9083f34f7f5027900b62ee6d09b1f2f",
      "rev_count": 764203,
      "rev_date": "2025-03-07T20:39:30Z",
      "scrape_date": "2025-03-09T00:31:08Z",
      "stabilities": [
        "unstable"
      ],
      "unfree": false,
      "version": "rust-lib-src",
      "outputs_to_install": [
        "out"
      ],
      "outputs": {
        "out": "/nix/store/avkf3z8g9rkm6aqk2kk6sjdn1cbi563l-rust-lib-src"
      },
      "system": "aarch64-darwin",
      "group": "rust-toolchain",
      "priority": 5
    },
    {
      "attr_path": "rustPlatform.rustLibSrc",
      "broken": false,
      "derivation": "/nix/store/8snhzal62vx8wzksp9719x604iafszyk-rust-lib-src.drv",
      "install_id": "rust-lib-src",
      "locked_url": "https://github.com/flox/nixpkgs?rev=36fd87baa9083f34f7f5027900b62ee6d09b1f2f",
      "name": "rust-lib-src",
      "pname": "rustLibSrc",
      "rev": "36fd87baa9083f34f7f5027900b62ee6d09b1f2f",
      "rev_count": 764203,
      "rev_date": "2025-03-07T20:39:30Z",
      "scrape_date": "2025-03-09T00:31:08Z",
      "stabilities": [
        "unstable"
      ],
      "unfree": false,
      "version": "rust-lib-src",
      "outputs_to_install": [
        "out"
      ],
      "outputs": {
        "out": "/nix/store/amlv14xbp1cwkz75m4xjvg351kf2a580-rust-lib-src"
      },
      "system": "aarch64-linux",
      "group": "rust-toolchain",
      "priority": 5
    },
    {
      "attr_path": "rustPlatform.rustLibSrc",
      "broken": false,
      "derivation": "/nix/store/c74gpam7x0s50dxzn7s0z3l2rcjimf8i-rust-lib-src.drv",
      "install_id": "rust-lib-src",
      "locked_url": "https://github.com/flox/nixpkgs?rev=36fd87baa9083f34f7f5027900b62ee6d09b1f2f",
      "name": "rust-lib-src",
      "pname": "rustLibSrc",
      "rev": "36fd87baa9083f34f7f5027900b62ee6d09b1f2f",
      "rev_count": 764203,
      "rev_date": "2025-03-07T20:39:30Z",
      "scrape_date": "2025-03-09T00:31:08Z",
      "stabilities": [
        "unstable"
      ],
      "unfree": false,
      "version": "rust-lib-src",
      "outputs_to_install": [
        "out"
      ],
      "outputs": {
        "out": "/nix/store/622qxpj25ynqwkfclayq32n9zkpj58cy-rust-lib-src"
      },
      "system": "x86_64-darwin",
      "group": "rust-toolchain",
      "priority": 5
    },
    {
      "attr_path": "rustPlatform.rustLibSrc",
      "broken": false,
      "derivation": "/nix/store/7vd0pi7nv95ppqv66wrv49v2bgp44n92-rust-lib-src.drv",
      "install_id": "rust-lib-src",
      "locked_url": "https://github.com/flox/nixpkgs?rev=36fd87baa9083f34f7f5027900b62ee6d09b1f2f",
      "name": "rust-lib-src",
      "pname": "rustLibSrc",
      "rev": "36fd87baa9083f34f7f5027900b62ee6d09b1f2f",
      "rev_count": 764203,
      "rev_date": "2025-03-07T20:39:30Z",
      "scrape_date": "2025-03-09T00:31:08Z",
      "stabilities": [
        "unstable"
      ],
      "unfree": false,
      "version": "rust-lib-src",
      "outputs_to_install": [
        "out"
      ],
      "outputs": {
        "out": "/nix/store/wz5l78iv35sj6z7l2g8c2xizl6fxnr6m-rust-lib-src"
      },
      "system": "x86_64-linux",
      "group": "rust-toolchain",
      "priority": 5
    },
    {
      "attr_path": "rustc",
      "broken": false,
      "derivation": "/nix/store/7m246br4ix4sv8qglsx0hn4ka3cd481n-rustc-wrapper-1.84.1.drv",
      "description": "Safe, concurrent, practical language (wrapper script)",
      "install_id": "rustc",
      "license": "[ MIT, Apache-2.0 ]",
      "locked_url": "https://github.com/flox/nixpkgs?rev=36fd87baa9083f34f7f5027900b62ee6d09b1f2f",
      "name": "rustc-wrapper-1.84.1",
      "pname": "rustc",
      "rev": "36fd87baa9083f34f7f5027900b62ee6d09b1f2f",
      "rev_count": 764203,
      "rev_date": "2025-03-07T20:39:30Z",
      "scrape_date": "2025-03-09T00:31:08Z",
      "stabilities": [
        "unstable"
      ],
      "unfree": false,
      "version": "1.84.1",
      "outputs_to_install": [
        "man",
        "out"
      ],
      "outputs": {
        "doc": "/nix/store/0pb3szzll0hncg7kzlgb6p1r4ha1ip1c-rustc-wrapper-1.84.1-doc",
        "man": "/nix/store/k97hfb2fhjdhrrqfk0nvzwmynsgp2ccb-rustc-wrapper-1.84.1-man",
        "out": "/nix/store/3zq2g5clmp6004hciqzrq9zjapi6wlqp-rustc-wrapper-1.84.1"
      },
      "system": "aarch64-darwin",
      "group": "rust-toolchain",
      "priority": 5
    },
    {
      "attr_path": "rustc",
      "broken": false,
      "derivation": "/nix/store/m3cn1avkirasnn11h9v4in88sicqydds-rustc-wrapper-1.84.1.drv",
      "description": "Safe, concurrent, practical language (wrapper script)",
      "install_id": "rustc",
      "license": "[ MIT, Apache-2.0 ]",
      "locked_url": "https://github.com/flox/nixpkgs?rev=36fd87baa9083f34f7f5027900b62ee6d09b1f2f",
      "name": "rustc-wrapper-1.84.1",
      "pname": "rustc",
      "rev": "36fd87baa9083f34f7f5027900b62ee6d09b1f2f",
      "rev_count": 764203,
      "rev_date": "2025-03-07T20:39:30Z",
      "scrape_date": "2025-03-09T00:31:08Z",
      "stabilities": [
        "unstable"
      ],
      "unfree": false,
      "version": "1.84.1",
      "outputs_to_install": [
        "man",
        "out"
      ],
      "outputs": {
        "doc": "/nix/store/xfcnajbbqv4y341jd0v293kfha05l56s-rustc-wrapper-1.84.1-doc",
        "man": "/nix/store/h6wcmp79jhd4wnq0a5sr3ymzsy5x2di2-rustc-wrapper-1.84.1-man",
        "out": "/nix/store/ynfixliizp50d9ll5dw2aapya5wlm0fy-rustc-wrapper-1.84.1"
      },
      "system": "aarch64-linux",
      "group": "rust-toolchain",
      "priority": 5
    },
    {
      "attr_path": "rustc",
      "broken": false,
      "derivation": "/nix/store/f97r5lzmmcq7gzz44v8cvwz14375x3zj-rustc-wrapper-1.84.1.drv",
      "description": "Safe, concurrent, practical language (wrapper script)",
      "install_id": "rustc",
      "license": "[ MIT, Apache-2.0 ]",
      "locked_url": "https://github.com/flox/nixpkgs?rev=36fd87baa9083f34f7f5027900b62ee6d09b1f2f",
      "name": "rustc-wrapper-1.84.1",
      "pname": "rustc",
      "rev": "36fd87baa9083f34f7f5027900b62ee6d09b1f2f",
      "rev_count": 764203,
      "rev_date": "2025-03-07T20:39:30Z",
      "scrape_date": "2025-03-09T00:31:08Z",
      "stabilities": [
        "unstable"
      ],
      "unfree": false,
      "version": "1.84.1",
      "outputs_to_install": [
        "man",
        "out"
      ],
      "outputs": {
        "doc": "/nix/store/cbgnb5nl42pi6kb7j1x9m3bsnggb288p-rustc-wrapper-1.84.1-doc",
        "man": "/nix/store/rafj8i18lw0hfask8pgd22l68gcgayy8-rustc-wrapper-1.84.1-man",
        "out": "/nix/store/46ff16dv259q11rxa448jx009vjq3df1-rustc-wrapper-1.84.1"
      },
      "system": "x86_64-darwin",
      "group": "rust-toolchain",
      "priority": 5
    },
    {
      "attr_path": "rustc",
      "broken": false,
      "derivation": "/nix/store/dj5la76001yclb0wk05v3jjmsxbbmhl8-rustc-wrapper-1.84.1.drv",
      "description": "Safe, concurrent, practical language (wrapper script)",
      "install_id": "rustc",
      "license": "[ MIT, Apache-2.0 ]",
      "locked_url": "https://github.com/flox/nixpkgs?rev=36fd87baa9083f34f7f5027900b62ee6d09b1f2f",
      "name": "rustc-wrapper-1.84.1",
      "pname": "rustc",
      "rev": "36fd87baa9083f34f7f5027900b62ee6d09b1f2f",
      "rev_count": 764203,
      "rev_date": "2025-03-07T20:39:30Z",
      "scrape_date": "2025-03-09T00:31:08Z",
      "stabilities": [
        "unstable"
      ],
      "unfree": false,
      "version": "1.84.1",
      "outputs_to_install": [
        "man",
        "out"
      ],
      "outputs": {
        "doc": "/nix/store/fpzlwnqaf89bn2rpw80zy15rgh97r1d7-rustc-wrapper-1.84.1-doc",
        "man": "/nix/store/zywya95q7z2cmf12yvs256wgr2qyvc0c-rustc-wrapper-1.84.1-man",
        "out": "/nix/store/4ranj0rglfp2ggycci9fmnkjc6z7zsd2-rustc-wrapper-1.84.1"
      },
      "system": "x86_64-linux",
      "group": "rust-toolchain",
      "priority": 5
    },
    {
      "attr_path": "rustfmt",
      "broken": false,
      "derivation": "/nix/store/6wf58jvch9wkp5s5nc9qm1qz5qjjbcdf-rustfmt-1.84.1.drv",
      "description": "Tool for formatting Rust code according to style guidelines",
      "install_id": "rustfmt",
      "license": "[ MIT, Apache-2.0 ]",
      "locked_url": "https://github.com/flox/nixpkgs?rev=36fd87baa9083f34f7f5027900b62ee6d09b1f2f",
      "name": "rustfmt-1.84.1",
      "pname": "rustfmt",
      "rev": "36fd87baa9083f34f7f5027900b62ee6d09b1f2f",
      "rev_count": 764203,
      "rev_date": "2025-03-07T20:39:30Z",
      "scrape_date": "2025-03-09T00:31:08Z",
      "stabilities": [
        "unstable"
      ],
      "unfree": false,
      "version": "1.84.1",
      "outputs_to_install": [
        "out"
      ],
      "outputs": {
        "out": "/nix/store/4xrg1v6gd23k7ydk9rkml4ifsp4lqp3n-rustfmt-1.84.1"
      },
      "system": "aarch64-darwin",
      "group": "rust-toolchain",
      "priority": 5
    },
    {
      "attr_path": "rustfmt",
      "broken": false,
      "derivation": "/nix/store/yrk8jficn8bgypnyf59wdziz9symzd32-rustfmt-1.84.1.drv",
      "description": "Tool for formatting Rust code according to style guidelines",
      "install_id": "rustfmt",
      "license": "[ MIT, Apache-2.0 ]",
      "locked_url": "https://github.com/flox/nixpkgs?rev=36fd87baa9083f34f7f5027900b62ee6d09b1f2f",
      "name": "rustfmt-1.84.1",
      "pname": "rustfmt",
      "rev": "36fd87baa9083f34f7f5027900b62ee6d09b1f2f",
      "rev_count": 764203,
      "rev_date": "2025-03-07T20:39:30Z",
      "scrape_date": "2025-03-09T00:31:08Z",
      "stabilities": [
        "unstable"
      ],
      "unfree": false,
      "version": "1.84.1",
      "outputs_to_install": [
        "out"
      ],
      "outputs": {
        "out": "/nix/store/8c8acnr2vlfgsvwy1s3394r0prrmzvsj-rustfmt-1.84.1"
      },
      "system": "aarch64-linux",
      "group": "rust-toolchain",
      "priority": 5
    },
    {
      "attr_path": "rustfmt",
      "broken": false,
      "derivation": "/nix/store/xxx1nirav471v7alri2hnzvjnbfw1w9i-rustfmt-1.84.1.drv",
      "description": "Tool for formatting Rust code according to style guidelines",
      "install_id": "rustfmt",
      "license": "[ MIT, Apache-2.0 ]",
      "locked_url": "https://github.com/flox/nixpkgs?rev=36fd87baa9083f34f7f5027900b62ee6d09b1f2f",
      "name": "rustfmt-1.84.1",
      "pname": "rustfmt",
      "rev": "36fd87baa9083f34f7f5027900b62ee6d09b1f2f",
      "rev_count": 764203,
      "rev_date": "2025-03-07T20:39:30Z",
      "scrape_date": "2025-03-09T00:31:08Z",
      "stabilities": [
        "unstable"
      ],
      "unfree": false,
      "version": "1.84.1",
      "outputs_to_install": [
        "out"
      ],
      "outputs": {
        "out": "/nix/store/f1705f6xh2gdpqnvma1v5vgr4806xcll-rustfmt-1.84.1"
      },
      "system": "x86_64-darwin",
      "group": "rust-toolchain",
      "priority": 5
    },
    {
      "attr_path": "rustfmt",
      "broken": false,
      "derivation": "/nix/store/5c4sdirh31dr1gmnxah717d3qwid41kf-rustfmt-1.84.1.drv",
      "description": "Tool for formatting Rust code according to style guidelines",
      "install_id": "rustfmt",
      "license": "[ MIT, Apache-2.0 ]",
      "locked_url": "https://github.com/flox/nixpkgs?rev=36fd87baa9083f34f7f5027900b62ee6d09b1f2f",
      "name": "rustfmt-1.84.1",
      "pname": "rustfmt",
      "rev": "36fd87baa9083f34f7f5027900b62ee6d09b1f2f",
      "rev_count": 764203,
      "rev_date": "2025-03-07T20:39:30Z",
      "scrape_date": "2025-03-09T00:31:08Z",
      "stabilities": [
        "unstable"
      ],
      "unfree": false,
      "version": "1.84.1",
      "outputs_to_install": [
        "out"
      ],
      "outputs": {
        "out": "/nix/store/cbhjl2wnj25jgzy92pjzs87v3p5nyjm2-rustfmt-1.84.1"
      },
      "system": "x86_64-linux",
      "group": "rust-toolchain",
      "priority": 5
    },
    {
      "attr_path": "cargo-nextest",
      "broken": false,
      "derivation": "/nix/store/wkq0743zwdnzk4ynxw1az174l15n2jj6-cargo-nextest-0.9.92.drv",
      "description": "Next-generation test runner for Rust projects",
      "install_id": "cargo-nextest",
      "license": "[ MIT, Apache-2.0 ]",
      "locked_url": "https://github.com/flox/nixpkgs?rev=e3e32b642a31e6714ec1b712de8c91a3352ce7e1",
      "name": "cargo-nextest-0.9.92",
      "pname": "cargo-nextest",
      "rev": "e3e32b642a31e6714ec1b712de8c91a3352ce7e1",
      "rev_count": 764837,
      "rev_date": "2025-03-09T09:40:45Z",
      "scrape_date": "2025-03-11T00:31:17Z",
      "stabilities": [
        "unstable"
      ],
      "unfree": false,
      "version": "0.9.92",
      "outputs_to_install": [
        "out"
      ],
      "outputs": {
        "out": "/nix/store/2q39w980q99rjd1g8hikgzpzam6cyljw-cargo-nextest-0.9.92"
      },
      "system": "aarch64-darwin",
      "group": "toplevel",
      "priority": 5
    },
    {
      "attr_path": "cargo-nextest",
      "broken": false,
      "derivation": "/nix/store/9r2idh4w2hdlga1qza0jqx97k0ls0b87-cargo-nextest-0.9.92.drv",
      "description": "Next-generation test runner for Rust projects",
      "install_id": "cargo-nextest",
      "license": "[ MIT, Apache-2.0 ]",
      "locked_url": "https://github.com/flox/nixpkgs?rev=e3e32b642a31e6714ec1b712de8c91a3352ce7e1",
      "name": "cargo-nextest-0.9.92",
      "pname": "cargo-nextest",
      "rev": "e3e32b642a31e6714ec1b712de8c91a3352ce7e1",
      "rev_count": 764837,
      "rev_date": "2025-03-09T09:40:45Z",
      "scrape_date": "2025-03-11T00:31:17Z",
      "stabilities": [
        "unstable"
      ],
      "unfree": false,
      "version": "0.9.92",
      "outputs_to_install": [
        "out"
      ],
      "outputs": {
        "out": "/nix/store/ppifvbjg5gj2xl6wldskci4xdbmy9iif-cargo-nextest-0.9.92"
      },
      "system": "aarch64-linux",
      "group": "toplevel",
      "priority": 5
    },
    {
      "attr_path": "cargo-nextest",
      "broken": false,
      "derivation": "/nix/store/6n07m4v33yf6p2ks6frf8a3h99a7rkbg-cargo-nextest-0.9.92.drv",
      "description": "Next-generation test runner for Rust projects",
      "install_id": "cargo-nextest",
      "license": "[ MIT, Apache-2.0 ]",
      "locked_url": "https://github.com/flox/nixpkgs?rev=e3e32b642a31e6714ec1b712de8c91a3352ce7e1",
      "name": "cargo-nextest-0.9.92",
      "pname": "cargo-nextest",
      "rev": "e3e32b642a31e6714ec1b712de8c91a3352ce7e1",
      "rev_count": 764837,
      "rev_date": "2025-03-09T09:40:45Z",
      "scrape_date": "2025-03-11T00:31:17Z",
      "stabilities": [
        "unstable"
      ],
      "unfree": false,
      "version": "0.9.92",
      "outputs_to_install": [
        "out"
      ],
      "outputs": {
        "out": "/nix/store/qmm4v0v70hz6hl317qcmb5jdvz5njsg2-cargo-nextest-0.9.92"
      },
      "system": "x86_64-darwin",
      "group": "toplevel",
      "priority": 5
    },
    {
      "attr_path": "cargo-nextest",
      "broken": false,
      "derivation": "/nix/store/m8391rjicb4lpfi6cv9f9h01sj88vhgx-cargo-nextest-0.9.92.drv",
      "description": "Next-generation test runner for Rust projects",
      "install_id": "cargo-nextest",
      "license": "[ MIT, Apache-2.0 ]",
      "locked_url": "https://github.com/flox/nixpkgs?rev=e3e32b642a31e6714ec1b712de8c91a3352ce7e1",
      "name": "cargo-nextest-0.9.92",
      "pname": "cargo-nextest",
      "rev": "e3e32b642a31e6714ec1b712de8c91a3352ce7e1",
      "rev_count": 764837,
      "rev_date": "2025-03-09T09:40:45Z",
      "scrape_date": "2025-03-11T00:31:17Z",
      "stabilities": [
        "unstable"
      ],
      "unfree": false,
      "version": "0.9.92",
      "outputs_to_install": [
        "out"
      ],
      "outputs": {
        "out": "/nix/store/k8spyf24j38pdzi7sb8clsr3zgd4qs8c-cargo-nextest-0.9.92"
      },
      "system": "x86_64-linux",
      "group": "toplevel",
      "priority": 5
    },
    {
      "attr_path": "clang",
      "broken": false,
      "derivation": "/nix/store/0vwi86yxw6claaa4xhacs6c978fpdc6j-clang-wrapper-19.1.7.drv",
      "description": "C language family frontend for LLVM (wrapper script)",
      "install_id": "clang",
      "license": "[ NCSA, Apache-2.0 WITH LLVM-exception ]",
      "locked_url": "https://github.com/flox/nixpkgs?rev=e3e32b642a31e6714ec1b712de8c91a3352ce7e1",
      "name": "clang-wrapper-19.1.7",
      "pname": "clang",
      "rev": "e3e32b642a31e6714ec1b712de8c91a3352ce7e1",
      "rev_count": 764837,
      "rev_date": "2025-03-09T09:40:45Z",
      "scrape_date": "2025-03-11T00:31:17Z",
      "stabilities": [
        "unstable"
      ],
      "unfree": false,
      "version": "19.1.7",
      "outputs_to_install": [
        "out"
      ],
      "outputs": {
        "out": "/nix/store/0jd4fjnnrfz0dfxbc5lgfyxjfay73i77-clang-wrapper-19.1.7"
      },
      "system": "aarch64-darwin",
      "group": "toplevel",
      "priority": 5
    },
    {
      "attr_path": "gcc",
      "broken": false,
      "derivation": "/nix/store/5abzc72b0j29qwilhxdh5hlay3wx7ca7-gcc-wrapper-14-20241116.drv",
      "description": "GNU Compiler Collection, version 14-20241116 (wrapper script)",
      "install_id": "gcc",
      "license": "GPL-3.0-or-later",
      "locked_url": "https://github.com/flox/nixpkgs?rev=e3e32b642a31e6714ec1b712de8c91a3352ce7e1",
      "name": "gcc-wrapper-14-20241116",
      "pname": "gcc",
      "rev": "e3e32b642a31e6714ec1b712de8c91a3352ce7e1",
      "rev_count": 764837,
      "rev_date": "2025-03-09T09:40:45Z",
      "scrape_date": "2025-03-11T00:31:17Z",
      "stabilities": [
        "unstable"
      ],
      "unfree": false,
      "version": "14-20241116",
      "outputs_to_install": [
        "man",
        "out"
      ],
      "outputs": {
        "info": "/nix/store/gixjrrdvfhhf0z1z3zxbjc3zr3vvjyf5-gcc-wrapper-14-20241116-info",
        "man": "/nix/store/yimc93hlkz72laxhmk09hkmx11ij1fvz-gcc-wrapper-14-20241116-man",
        "out": "/nix/store/8p08lgzbiqvj5fni1d9hxc6ma1z0mh2z-gcc-wrapper-14-20241116"
      },
      "system": "aarch64-linux",
      "group": "toplevel",
      "priority": 5
    },
    {
      "attr_path": "gcc",
      "broken": false,
      "derivation": "/nix/store/zxgr8l9v8381m2p99rj56gmgn591jbgz-gcc-wrapper-14-20241116.drv",
      "description": "GNU Compiler Collection, version 14-20241116 (wrapper script)",
      "install_id": "gcc",
      "license": "GPL-3.0-or-later",
      "locked_url": "https://github.com/flox/nixpkgs?rev=e3e32b642a31e6714ec1b712de8c91a3352ce7e1",
      "name": "gcc-wrapper-14-20241116",
      "pname": "gcc",
      "rev": "e3e32b642a31e6714ec1b712de8c91a3352ce7e1",
      "rev_count": 764837,
      "rev_date": "2025-03-09T09:40:45Z",
      "scrape_date": "2025-03-11T00:31:17Z",
      "stabilities": [
        "unstable"
      ],
      "unfree": false,
      "version": "14-20241116",
      "outputs_to_install": [
        "man",
        "out"
      ],
      "outputs": {
        "info": "/nix/store/j2iqinh2hk1npgfijm31kzm786cr335z-gcc-wrapper-14-20241116-info",
        "man": "/nix/store/rkzk4376znb9s9b4lflc174vcv6v8bqq-gcc-wrapper-14-20241116-man",
        "out": "/nix/store/ii75mhh7sxl11167m1b86p0qrjsjyjmd-gcc-wrapper-14-20241116"
      },
      "system": "x86_64-linux",
      "group": "toplevel",
      "priority": 5
    },
    {
      "attr_path": "jujutsu",
      "broken": false,
      "derivation": "/nix/store/84nszmjh8h1xi70cwk97s8s2y5li8a2n-jujutsu-0.27.0.drv",
      "description": "Git-compatible DVCS that is both simple and powerful",
      "install_id": "jujutsu",
      "license": "Apache-2.0",
      "locked_url": "https://github.com/flox/nixpkgs?rev=e3e32b642a31e6714ec1b712de8c91a3352ce7e1",
      "name": "jujutsu-0.27.0",
      "pname": "jujutsu",
      "rev": "e3e32b642a31e6714ec1b712de8c91a3352ce7e1",
      "rev_count": 764837,
      "rev_date": "2025-03-09T09:40:45Z",
      "scrape_date": "2025-03-11T00:31:17Z",
      "stabilities": [
        "unstable"
      ],
      "unfree": false,
      "version": "0.27.0",
      "outputs_to_install": [
        "out"
      ],
      "outputs": {
        "out": "/nix/store/bkp1l2ksirpl1l8c3gadval3g6wvz5jl-jujutsu-0.27.0"
      },
      "system": "aarch64-darwin",
      "group": "toplevel",
      "priority": 5
    },
    {
      "attr_path": "jujutsu",
      "broken": false,
      "derivation": "/nix/store/m9qjj0nclq90n8g4yw7shd6wdbld8y7l-jujutsu-0.27.0.drv",
      "description": "Git-compatible DVCS that is both simple and powerful",
      "install_id": "jujutsu",
      "license": "Apache-2.0",
      "locked_url": "https://github.com/flox/nixpkgs?rev=e3e32b642a31e6714ec1b712de8c91a3352ce7e1",
      "name": "jujutsu-0.27.0",
      "pname": "jujutsu",
      "rev": "e3e32b642a31e6714ec1b712de8c91a3352ce7e1",
      "rev_count": 764837,
      "rev_date": "2025-03-09T09:40:45Z",
      "scrape_date": "2025-03-11T00:31:17Z",
      "stabilities": [
        "unstable"
      ],
      "unfree": false,
      "version": "0.27.0",
      "outputs_to_install": [
        "out"
      ],
      "outputs": {
        "out": "/nix/store/k9himpd2hrd4jpbnmxsa5wx7y9n622gg-jujutsu-0.27.0"
      },
      "system": "aarch64-linux",
      "group": "toplevel",
      "priority": 5
    },
    {
      "attr_path": "jujutsu",
      "broken": false,
      "derivation": "/nix/store/hfkgi9xp6mpw8cky4ism8w1aspb054cl-jujutsu-0.27.0.drv",
      "description": "Git-compatible DVCS that is both simple and powerful",
      "install_id": "jujutsu",
      "license": "Apache-2.0",
      "locked_url": "https://github.com/flox/nixpkgs?rev=e3e32b642a31e6714ec1b712de8c91a3352ce7e1",
      "name": "jujutsu-0.27.0",
      "pname": "jujutsu",
      "rev": "e3e32b642a31e6714ec1b712de8c91a3352ce7e1",
      "rev_count": 764837,
      "rev_date": "2025-03-09T09:40:45Z",
      "scrape_date": "2025-03-11T00:31:17Z",
      "stabilities": [
        "unstable"
      ],
      "unfree": false,
      "version": "0.27.0",
      "outputs_to_install": [
        "out"
      ],
      "outputs": {
        "out": "/nix/store/sbxxjwf3yc84blmbhajyzdm7n5ahc0rc-jujutsu-0.27.0"
      },
      "system": "x86_64-darwin",
      "group": "toplevel",
      "priority": 5
    },
    {
      "attr_path": "jujutsu",
      "broken": false,
      "derivation": "/nix/store/dkp4j7w649im6vycpn0v53pq6wpzvzn2-jujutsu-0.27.0.drv",
      "description": "Git-compatible DVCS that is both simple and powerful",
      "install_id": "jujutsu",
      "license": "Apache-2.0",
      "locked_url": "https://github.com/flox/nixpkgs?rev=e3e32b642a31e6714ec1b712de8c91a3352ce7e1",
      "name": "jujutsu-0.27.0",
      "pname": "jujutsu",
      "rev": "e3e32b642a31e6714ec1b712de8c91a3352ce7e1",
      "rev_count": 764837,
      "rev_date": "2025-03-09T09:40:45Z",
      "scrape_date": "2025-03-11T00:31:17Z",
      "stabilities": [
        "unstable"
      ],
      "unfree": false,
      "version": "0.27.0",
      "outputs_to_install": [
        "out"
      ],
      "outputs": {
        "out": "/nix/store/4kgnpb11gbjhbsywffgzkdwfzf0sgr4r-jujutsu-0.27.0"
      },
      "system": "x86_64-linux",
      "group": "toplevel",
      "priority": 5
    },
    {
      "attr_path": "libiconv",
      "broken": false,
      "derivation": "/nix/store/53nf13gzcbsiprijqzxk6nrhpl4k42yw-libiconv-109.drv",
      "description": "Iconv(3) implementation",
      "install_id": "libiconv",
      "license": "[ BSD-2-Clause, BSD-3-Clause, APSL-1.0 ]",
      "locked_url": "https://github.com/flox/nixpkgs?rev=e3e32b642a31e6714ec1b712de8c91a3352ce7e1",
      "name": "libiconv-109",
      "pname": "libiconv",
      "rev": "e3e32b642a31e6714ec1b712de8c91a3352ce7e1",
      "rev_count": 764837,
      "rev_date": "2025-03-09T09:40:45Z",
      "scrape_date": "2025-03-11T00:31:17Z",
      "stabilities": [
        "unstable"
      ],
      "unfree": false,
      "version": "109",
      "outputs_to_install": [
        "out"
      ],
      "outputs": {
        "dev": "/nix/store/f4z2y0zn2bmrwywp67y3h21cmb6ky547-libiconv-109-dev",
        "out": "/nix/store/i0b08c8m02rs2sazmd7sr2zxbnz6ylsf-libiconv-109"
      },
      "system": "aarch64-darwin",
      "group": "toplevel",
      "priority": 5
    },
    {
      "attr_path": "nodejs",
      "broken": false,
      "derivation": "/nix/store/nl4c43rbyv6mvb0a0y7p36wi928g1gib-nodejs-22.14.0.drv",
      "description": "Event-driven I/O framework for the V8 JavaScript engine",
      "install_id": "nodejs",
      "license": "MIT",
      "locked_url": "https://github.com/flox/nixpkgs?rev=e3e32b642a31e6714ec1b712de8c91a3352ce7e1",
      "name": "nodejs-22.14.0",
      "pname": "nodejs",
      "rev": "e3e32b642a31e6714ec1b712de8c91a3352ce7e1",
      "rev_count": 764837,
      "rev_date": "2025-03-09T09:40:45Z",
      "scrape_date": "2025-03-11T00:31:17Z",
      "stabilities": [
        "unstable"
      ],
      "unfree": false,
      "version": "22.14.0",
      "outputs_to_install": [
        "out"
      ],
      "outputs": {
        "libv8": "/nix/store/slffbl0q14qc93dslaynyzh005rd869s-nodejs-22.14.0-libv8",
        "out": "/nix/store/91y8h7rysgi5cl8hsj2bmjd00dq2l9pk-nodejs-22.14.0"
      },
      "system": "aarch64-darwin",
      "group": "toplevel",
      "priority": 5
    },
    {
      "attr_path": "nodejs",
      "broken": false,
      "derivation": "/nix/store/hh2siwhf3zxqnfgqa55kls2fz3v37l27-nodejs-22.14.0.drv",
      "description": "Event-driven I/O framework for the V8 JavaScript engine",
      "install_id": "nodejs",
      "license": "MIT",
      "locked_url": "https://github.com/flox/nixpkgs?rev=e3e32b642a31e6714ec1b712de8c91a3352ce7e1",
      "name": "nodejs-22.14.0",
      "pname": "nodejs",
      "rev": "e3e32b642a31e6714ec1b712de8c91a3352ce7e1",
      "rev_count": 764837,
      "rev_date": "2025-03-09T09:40:45Z",
      "scrape_date": "2025-03-11T00:31:17Z",
      "stabilities": [
        "unstable"
      ],
      "unfree": false,
      "version": "22.14.0",
      "outputs_to_install": [
        "out"
      ],
      "outputs": {
        "libv8": "/nix/store/zb1ly8w6vdw2pjxwkbm3vymyfxyy7af8-nodejs-22.14.0-libv8",
        "out": "/nix/store/ji8zs96759g59b4q6kz94pbfq6gvlazx-nodejs-22.14.0"
      },
      "system": "aarch64-linux",
      "group": "toplevel",
      "priority": 5
    },
    {
      "attr_path": "nodejs",
      "broken": false,
      "derivation": "/nix/store/ikl0p2wi3gvzp55kxjjqwj63msl6pnlf-nodejs-22.14.0.drv",
      "description": "Event-driven I/O framework for the V8 JavaScript engine",
      "install_id": "nodejs",
      "license": "MIT",
      "locked_url": "https://github.com/flox/nixpkgs?rev=e3e32b642a31e6714ec1b712de8c91a3352ce7e1",
      "name": "nodejs-22.14.0",
      "pname": "nodejs",
      "rev": "e3e32b642a31e6714ec1b712de8c91a3352ce7e1",
      "rev_count": 764837,
      "rev_date": "2025-03-09T09:40:45Z",
      "scrape_date": "2025-03-11T00:31:17Z",
      "stabilities": [
        "unstable"
      ],
      "unfree": false,
      "version": "22.14.0",
      "outputs_to_install": [
        "out"
      ],
      "outputs": {
        "libv8": "/nix/store/24z3qqnvs154idkbbbpjd55m11clidad-nodejs-22.14.0-libv8",
        "out": "/nix/store/067kj1aav6z9jhqbkyapjwjjrgl38ihs-nodejs-22.14.0"
      },
      "system": "x86_64-darwin",
      "group": "toplevel",
      "priority": 5
    },
    {
      "attr_path": "nodejs",
      "broken": false,
      "derivation": "/nix/store/ylk0rgvzaj618qj0g00cwm5909hp71f0-nodejs-22.14.0.drv",
      "description": "Event-driven I/O framework for the V8 JavaScript engine",
      "install_id": "nodejs",
      "license": "MIT",
      "locked_url": "https://github.com/flox/nixpkgs?rev=e3e32b642a31e6714ec1b712de8c91a3352ce7e1",
      "name": "nodejs-22.14.0",
      "pname": "nodejs",
      "rev": "e3e32b642a31e6714ec1b712de8c91a3352ce7e1",
      "rev_count": 764837,
      "rev_date": "2025-03-09T09:40:45Z",
      "scrape_date": "2025-03-11T00:31:17Z",
      "stabilities": [
        "unstable"
      ],
      "unfree": false,
      "version": "22.14.0",
      "outputs_to_install": [
        "out"
      ],
      "outputs": {
        "libv8": "/nix/store/3ympkr1v1z4r3vfyc6ikhx1chq5g464l-nodejs-22.14.0-libv8",
        "out": "/nix/store/7l1wra7b87yci5dln0hm0k8rwww6f2xj-nodejs-22.14.0"
      },
      "system": "x86_64-linux",
      "group": "toplevel",
      "priority": 5
    },
    {
      "attr_path": "yek",
      "broken": false,
      "derivation": "/nix/store/ifrn452arfx83c2nbm6j220cmxjsxswb-yek-0.21.0.drv",
      "description": "Serialize text files for LLM consumption",
      "install_id": "yek",
      "license": "MIT",
      "locked_url": "https://github.com/flox/nixpkgs?rev=e3e32b642a31e6714ec1b712de8c91a3352ce7e1",
      "name": "yek-0.21.0",
      "pname": "yek",
      "rev": "e3e32b642a31e6714ec1b712de8c91a3352ce7e1",
      "rev_count": 764837,
      "rev_date": "2025-03-09T09:40:45Z",
      "scrape_date": "2025-03-11T00:31:17Z",
      "stabilities": [
        "unstable"
      ],
      "unfree": false,
      "version": "0.21.0",
      "outputs_to_install": [
        "out"
      ],
      "outputs": {
        "out": "/nix/store/mmy3177vixsgajx02i5l8akds8nsi532-yek-0.21.0"
      },
      "system": "aarch64-darwin",
      "group": "toplevel",
      "priority": 5
    },
    {
      "attr_path": "yek",
      "broken": false,
      "derivation": "/nix/store/gx78xbs9c9my88jzsqxih30psryzzkmh-yek-0.21.0.drv",
      "description": "Serialize text files for LLM consumption",
      "install_id": "yek",
      "license": "MIT",
      "locked_url": "https://github.com/flox/nixpkgs?rev=e3e32b642a31e6714ec1b712de8c91a3352ce7e1",
      "name": "yek-0.21.0",
      "pname": "yek",
      "rev": "e3e32b642a31e6714ec1b712de8c91a3352ce7e1",
      "rev_count": 764837,
      "rev_date": "2025-03-09T09:40:45Z",
      "scrape_date": "2025-03-11T00:31:17Z",
      "stabilities": [
        "unstable"
      ],
      "unfree": false,
      "version": "0.21.0",
      "outputs_to_install": [
        "out"
      ],
      "outputs": {
        "out": "/nix/store/084fjbfvs6vn3cxqnkwb107d053n60dc-yek-0.21.0"
      },
      "system": "aarch64-linux",
      "group": "toplevel",
      "priority": 5
    },
    {
      "attr_path": "yek",
      "broken": false,
      "derivation": "/nix/store/gsxbbk4abc65dm0qr7bfg9ip6sa6llz6-yek-0.21.0.drv",
      "description": "Serialize text files for LLM consumption",
      "install_id": "yek",
      "license": "MIT",
      "locked_url": "https://github.com/flox/nixpkgs?rev=e3e32b642a31e6714ec1b712de8c91a3352ce7e1",
      "name": "yek-0.21.0",
      "pname": "yek",
      "rev": "e3e32b642a31e6714ec1b712de8c91a3352ce7e1",
      "rev_count": 764837,
      "rev_date": "2025-03-09T09:40:45Z",
      "scrape_date": "2025-03-11T00:31:17Z",
      "stabilities": [
        "unstable"
      ],
      "unfree": false,
      "version": "0.21.0",
      "outputs_to_install": [
        "out"
      ],
      "outputs": {
        "out": "/nix/store/q8p1nljjkw73l7vh76lsw9285ps3qi1m-yek-0.21.0"
      },
      "system": "x86_64-darwin",
      "group": "toplevel",
      "priority": 5
    },
    {
      "attr_path": "yek",
      "broken": false,
      "derivation": "/nix/store/g0wnc15s4zxfdb482zph19iyghlrhs2p-yek-0.21.0.drv",
      "description": "Serialize text files for LLM consumption",
      "install_id": "yek",
      "license": "MIT",
      "locked_url": "https://github.com/flox/nixpkgs?rev=e3e32b642a31e6714ec1b712de8c91a3352ce7e1",
      "name": "yek-0.21.0",
      "pname": "yek",
      "rev": "e3e32b642a31e6714ec1b712de8c91a3352ce7e1",
      "rev_count": 764837,
      "rev_date": "2025-03-09T09:40:45Z",
      "scrape_date": "2025-03-11T00:31:17Z",
      "stabilities": [
        "unstable"
      ],
      "unfree": false,
      "version": "0.21.0",
      "outputs_to_install": [
        "out"
      ],
      "outputs": {
        "out": "/nix/store/s2bbqydwavfhgvplls008zmhi27l3fh8-yek-0.21.0"
      },
      "system": "x86_64-linux",
      "group": "toplevel",
      "priority": 5
    }
  ]
}