{
  "lockfile-version": 1,
  "manifest": {
    "version": 1,
    "install": {
      "cargo": {
        "pkg-path": "cargo",
        "pkg-group": "rust-toolchain"
      },
      "cargo-nextest": {
        "pkg-path": "cargo-nextest"
      },
      "clang": {
        "pkg-path": "clang",
        "systems": [
          "aarch64-darwin"
        ]
      },
      "clippy": {
        "pkg-path": "clippy",
        "pkg-group": "rust-toolchain"
      },
      "gcc": {
        "pkg-path": "gcc",
        "systems": [
          "aarch64-linux",
          "x86_64-linux"
        ]
      },
      "jujutsu": {
        "pkg-path": "jujutsu"
      },
      "libiconv": {
        "pkg-path": "libiconv",
        "systems": [
          "aarch64-darwin"
        ]
      },
      "nodejs": {
        "pkg-path": "nodejs"
      },
      "rust-analyzer": {
        "pkg-path": "rust-analyzer",
        "pkg-group": "rust-analyzer"
      },
      "rust-lib-src": {
        "pkg-path": "rustPlatform.rustLibSrc",
        "pkg-group": "rust-toolchain"
      },
      "rustc": {
        "pkg-path": "rustc",
        "pkg-group": "rust-toolchain"
      },
      "rustfmt": {
        "pkg-path": "rustfmt",
        "pkg-group": "rust-toolchain"
      },
      "yek": {
        "pkg-path": "yek"
      }
    },
    "hook": {},
    "profile": {},
    "options": {
      "systems": [
        "aarch64-darwin",
        "aarch64-linux",
        "x86_64-darwin",
        "x86_64-linux"
      ],
      "allow": {
        "licenses": []
      },
      "semver": {}
    }
  },
  "packages": [
    {
      "attr_path": "rust-analyzer",
      "broken": false,
      "derivation": "/nix/store/d8f3i05vgi2wp3r1xyxv4dqnybva8wp7-rust-analyzer-2025-03-24.drv",
      "description": "Modular compiler frontend for the Rust language",
      "install_id": "rust-analyzer",
      "license": "[ MIT, Apache-2.0 ]",
      "locked_url": "https://github.com/flox/nixpkgs?rev=5e5402ecbcb27af32284d4a62553c019a3a49ea6",
      "name": "rust-analyzer-2025-03-24",
      "pname": "rust-analyzer",
      "rev": "5e5402ecbcb27af32284d4a62553c019a3a49ea6",
      "rev_count": 775060,
      "rev_date": "2025-03-27T17:14:43Z",
      "scrape_date": "2025-03-29T01:10:35.186220Z",
      "stabilities": [
        "unstable"
      ],
      "unfree": false,
      "version": "2025-03-24",
      "outputs_to_install": [
        "out"
      ],
      "outputs": {
        "out": "/nix/store/025ihym8m2k5hr89maimbsn5fksnm0x0-rust-analyzer-2025-03-24"
      },
      "system": "aarch64-darwin",
      "group": "rust-analyzer",
      "priority": 5
    },
    {
      "attr_path": "rust-analyzer",
      "broken": false,
      "derivation": "/nix/store/84yyyvf7281lvj63gw7ja9y4yc22801i-rust-analyzer-2025-03-24.drv",
      "description": "Modular compiler frontend for the Rust language",
      "install_id": "rust-analyzer",
      "license": "[ MIT, Apache-2.0 ]",
      "locked_url": "https://github.com/flox/nixpkgs?rev=5e5402ecbcb27af32284d4a62553c019a3a49ea6",
      "name": "rust-analyzer-2025-03-24",
      "pname": "rust-analyzer",
      "rev": "5e5402ecbcb27af32284d4a62553c019a3a49ea6",
      "rev_count": 775060,
      "rev_date": "2025-03-27T17:14:43Z",
      "scrape_date": "2025-03-29T01:28:21.621532Z",
      "stabilities": [
        "unstable"
      ],
      "unfree": false,
      "version": "2025-03-24",
      "outputs_to_install": [
        "out"
      ],
      "outputs": {
        "out": "/nix/store/1bwal5rhbz7l0n39q4drdpghqb0s1pz4-rust-analyzer-2025-03-24"
      },
      "system": "aarch64-linux",
      "group": "rust-analyzer",
      "priority": 5
    },
    {
      "attr_path": "rust-analyzer",
      "broken": false,
      "derivation": "/nix/store/vnkmnj59j0bxfj1gqyc2hkyklma7zy0s-rust-analyzer-2025-03-24.drv",
      "description": "Modular compiler frontend for the Rust language",
      "install_id": "rust-analyzer",
      "license": "[ MIT, Apache-2.0 ]",
      "locked_url": "https://github.com/flox/nixpkgs?rev=5e5402ecbcb27af32284d4a62553c019a3a49ea6",
      "name": "rust-analyzer-2025-03-24",
      "pname": "rust-analyzer",
      "rev": "5e5402ecbcb27af32284d4a62553c019a3a49ea6",
      "rev_count": 775060,
      "rev_date": "2025-03-27T17:14:43Z",
      "scrape_date": "2025-03-29T01:43:09.918039Z",
      "stabilities": [
        "unstable"
      ],
      "unfree": false,
      "version": "2025-03-24",
      "outputs_to_install": [
        "out"
      ],
      "outputs": {
        "out": "/nix/store/xkr2ca327rdwld9wxspb1rszp27xfh96-rust-analyzer-2025-03-24"
      },
      "system": "x86_64-darwin",
      "group": "rust-analyzer",
      "priority": 5
    },
    {
      "attr_path": "rust-analyzer",
      "broken": false,
      "derivation": "/nix/store/hilmzcg5z589l5fbyhvw82vqrndxkgzz-rust-analyzer-2025-03-24.drv",
      "description": "Modular compiler frontend for the Rust language",
      "install_id": "rust-analyzer",
      "license": "[ MIT, Apache-2.0 ]",
      "locked_url": "https://github.com/flox/nixpkgs?rev=5e5402ecbcb27af32284d4a62553c019a3a49ea6",
      "name": "rust-analyzer-2025-03-24",
      "pname": "rust-analyzer",
      "rev": "5e5402ecbcb27af32284d4a62553c019a3a49ea6",
      "rev_count": 775060,
      "rev_date": "2025-03-27T17:14:43Z",
      "scrape_date": "2025-03-29T02:02:04.180917Z",
      "stabilities": [
        "unstable"
      ],
      "unfree": false,
      "version": "2025-03-24",
      "outputs_to_install": [
        "out"
      ],
      "outputs": {
        "out": "/nix/store/v4mdgjh4x0gpl5cwc844zyy2hy1gxs6c-rust-analyzer-2025-03-24"
      },
      "system": "x86_64-linux",
      "group": "rust-analyzer",
      "priority": 5
    },
    {
      "attr_path": "cargo",
      "broken": false,
      "derivation": "/nix/store/mln29zp1nra3j0xpjrby3ky5l3qg1nhv-cargo-1.85.0.drv",
      "description": "Downloads your Rust project's dependencies and builds your project",
      "install_id": "cargo",
      "license": "[ MIT, Apache-2.0 ]",
      "locked_url": "https://github.com/flox/nixpkgs?rev=52faf482a3889b7619003c0daec593a1912fddc1",
      "name": "cargo-1.85.0",
      "pname": "cargo",
      "rev": "52faf482a3889b7619003c0daec593a1912fddc1",
      "rev_count": 776537,
      "rev_date": "2025-03-30T06:12:12Z",
      "scrape_date": "2025-04-01T01:11:35.714229Z",
      "unfree": false,
      "version": "1.85.0",
      "outputs_to_install": [
        "out"
      ],
      "outputs": {
        "out": "/nix/store/k07bdm0i0ixhi0l8d5fp3zp6gvkypdsl-cargo-1.85.0"
      },
      "system": "aarch64-darwin",
      "group": "rust-toolchain",
      "priority": 5
    },
    {
      "attr_path": "cargo",
      "broken": false,
      "derivation": "/nix/store/i937c1bq6z9k0sqxypmfifibrrbl2q1l-cargo-1.85.0.drv",
      "description": "Downloads your Rust project's dependencies and builds your project",
      "install_id": "cargo",
      "license": "[ MIT, Apache-2.0 ]",
      "locked_url": "https://github.com/flox/nixpkgs?rev=52faf482a3889b7619003c0daec593a1912fddc1",
      "name": "cargo-1.85.0",
      "pname": "cargo",
      "rev": "52faf482a3889b7619003c0daec593a1912fddc1",
      "rev_count": 776537,
      "rev_date": "2025-03-30T06:12:12Z",
      "scrape_date": "2025-04-01T01:30:11.815097Z",
      "unfree": false,
      "version": "1.85.0",
      "outputs_to_install": [
        "out"
      ],
      "outputs": {
        "out": "/nix/store/1r9bm3iihgrixq3jq93hxfgvi0rlhs6p-cargo-1.85.0"
      },
      "system": "aarch64-linux",
      "group": "rust-toolchain",
      "priority": 5
    },
    {
      "attr_path": "cargo",
      "broken": false,
      "derivation": "/nix/store/3q6lvsa6dyh0kgiw6nb12xkxifjssb94-cargo-1.85.0.drv",
      "description": "Downloads your Rust project's dependencies and builds your project",
      "install_id": "cargo",
      "license": "[ MIT, Apache-2.0 ]",
      "locked_url": "https://github.com/flox/nixpkgs?rev=52faf482a3889b7619003c0daec593a1912fddc1",
      "name": "cargo-1.85.0",
      "pname": "cargo",
      "rev": "52faf482a3889b7619003c0daec593a1912fddc1",
      "rev_count": 776537,
      "rev_date": "2025-03-30T06:12:12Z",
      "scrape_date": "2025-04-01T01:46:42.124340Z",
      "unfree": false,
      "version": "1.85.0",
      "outputs_to_install": [
        "out"
      ],
      "outputs": {
        "out": "/nix/store/bpv800il54d82d67ibfi3l4kgxcpw0w9-cargo-1.85.0"
      },
      "system": "x86_64-darwin",
      "group": "rust-toolchain",
      "priority": 5
    },
    {
      "attr_path": "cargo",
      "broken": false,
      "derivation": "/nix/store/0mn6y2zj0k782hlwpfd520bp9g9xlayp-cargo-1.85.0.drv",
      "description": "Downloads your Rust project's dependencies and builds your project",
      "install_id": "cargo",
      "license": "[ MIT, Apache-2.0 ]",
      "locked_url": "https://github.com/flox/nixpkgs?rev=52faf482a3889b7619003c0daec593a1912fddc1",
      "name": "cargo-1.85.0",
      "pname": "cargo",
      "rev": "52faf482a3889b7619003c0daec593a1912fddc1",
      "rev_count": 776537,
      "rev_date": "2025-03-30T06:12:12Z",
      "scrape_date": "2025-04-01T02:06:54.377704Z",
      "unfree": false,
      "version": "1.85.0",
      "outputs_to_install": [
        "out"
      ],
      "outputs": {
        "out": "/nix/store/8i5d4566h0igajqvznsnflz4h0maacws-cargo-1.85.0"
      },
      "system": "x86_64-linux",
      "group": "rust-toolchain",
      "priority": 5
    },
    {
      "attr_path": "clippy",
      "broken": false,
      "derivation": "/nix/store/pvsdwcm5avg36zkip14ys0i7mnamfwjm-clippy-1.85.0.drv",
      "description": "Bunch of lints to catch common mistakes and improve your Rust code",
      "install_id": "clippy",
      "license": "[ MIT, Apache-2.0 ]",
      "locked_url": "https://github.com/flox/nixpkgs?rev=52faf482a3889b7619003c0daec593a1912fddc1",
      "name": "clippy-1.85.0",
      "pname": "clippy",
      "rev": "52faf482a3889b7619003c0daec593a1912fddc1",
      "rev_count": 776537,
      "rev_date": "2025-03-30T06:12:12Z",
      "scrape_date": "2025-04-01T01:11:35.850612Z",
      "unfree": false,
      "version": "1.85.0",
      "outputs_to_install": [
        "out"
      ],
      "outputs": {
        "out": "/nix/store/1kg9ifdhf1hdznrc0qj4pywl9hfp4jiz-clippy-1.85.0"
      },
      "system": "aarch64-darwin",
      "group": "rust-toolchain",
      "priority": 5
    },
    {
      "attr_path": "clippy",
      "broken": false,
      "derivation": "/nix/store/bigrhp7gmzqk60zq83q949zj5yif09fd-clippy-1.85.0.drv",
      "description": "Bunch of lints to catch common mistakes and improve your Rust code",
      "install_id": "clippy",
      "license": "[ MIT, Apache-2.0 ]",
      "locked_url": "https://github.com/flox/nixpkgs?rev=52faf482a3889b7619003c0daec593a1912fddc1",
      "name": "clippy-1.85.0",
      "pname": "clippy",
      "rev": "52faf482a3889b7619003c0daec593a1912fddc1",
      "rev_count": 776537,
      "rev_date": "2025-03-30T06:12:12Z",
      "scrape_date": "2025-04-01T01:30:11.995578Z",
      "unfree": false,
      "version": "1.85.0",
      "outputs_to_install": [
        "out"
      ],
      "outputs": {
        "debug": "/nix/store/2rnijrfkv37n54qkgi6w0ahl99p30vl0-clippy-1.85.0-debug",
        "out": "/nix/store/scc8796m97jaww0a3z29sfz14j650dia-clippy-1.85.0"
      },
      "system": "aarch64-linux",
      "group": "rust-toolchain",
      "priority": 5
    },
    {
      "attr_path": "clippy",
      "broken": false,
      "derivation": "/nix/store/ww2n64y5dw8r423kczmmqy4rvl2d8mj0-clippy-1.85.0.drv",
      "description": "Bunch of lints to catch common mistakes and improve your Rust code",
      "install_id": "clippy",
      "license": "[ MIT, Apache-2.0 ]",
      "locked_url": "https://github.com/flox/nixpkgs?rev=52faf482a3889b7619003c0daec593a1912fddc1",
      "name": "clippy-1.85.0",
      "pname": "clippy",
      "rev": "52faf482a3889b7619003c0daec593a1912fddc1",
      "rev_count": 776537,
      "rev_date": "2025-03-30T06:12:12Z",
      "scrape_date": "2025-04-01T01:46:42.262832Z",
      "unfree": false,
      "version": "1.85.0",
      "outputs_to_install": [
        "out"
      ],
      "outputs": {
        "out": "/nix/store/wb8d4y8psgrjvgc36s39prf33fjrf7c0-clippy-1.85.0"
      },
      "system": "x86_64-darwin",
      "group": "rust-toolchain",
      "priority": 5
    },
    {
      "attr_path": "clippy",
      "broken": false,
      "derivation": "/nix/store/qxqvm7nm0dw9g1l2v5irlx9s54v994s5-clippy-1.85.0.drv",
      "description": "Bunch of lints to catch common mistakes and improve your Rust code",
      "install_id": "clippy",
      "license": "[ MIT, Apache-2.0 ]",
      "locked_url": "https://github.com/flox/nixpkgs?rev=52faf482a3889b7619003c0daec593a1912fddc1",
      "name": "clippy-1.85.0",
      "pname": "clippy",
      "rev": "52faf482a3889b7619003c0daec593a1912fddc1",
      "rev_count": 776537,
      "rev_date": "2025-03-30T06:12:12Z",
      "scrape_date": "2025-04-01T02:06:54.576670Z",
      "unfree": false,
      "version": "1.85.0",
      "outputs_to_install": [
        "out"
      ],
      "outputs": {
        "debug": "/nix/store/7j2aai7g63s2zxisrwvn3rdskyhblqj2-clippy-1.85.0-debug",
        "out": "/nix/store/y0wsghcm358v3mjp3n0ji5r6c7d7wnn0-clippy-1.85.0"
      },
      "system": "x86_64-linux",
      "group": "rust-toolchain",
      "priority": 5
    },
    {
      "attr_path": "rustPlatform.rustLibSrc",
      "broken": false,
      "derivation": "/nix/store/m2k1xgbd88nhfp6vy1xknifjb20dmmnk-rust-lib-src.drv",
      "install_id": "rust-lib-src",
      "locked_url": "https://github.com/flox/nixpkgs?rev=52faf482a3889b7619003c0daec593a1912fddc1",
      "name": "rust-lib-src",
      "pname": "rustLibSrc",
      "rev": "52faf482a3889b7619003c0daec593a1912fddc1",
      "rev_count": 776537,
      "rev_date": "2025-03-30T06:12:12Z",
      "scrape_date": "2025-04-01T01:12:34.901301Z",
      "unfree": false,
      "version": "rust-lib-src",
      "outputs_to_install": [
        "out"
      ],
      "outputs": {
        "out": "/nix/store/pwk2h1cclqqrcm80gqxamvw5ssaprlld-rust-lib-src"
      },
      "system": "aarch64-darwin",
      "group": "rust-toolchain",
      "priority": 5
    },
    {
      "attr_path": "rustPlatform.rustLibSrc",
      "broken": false,
      "derivation": "/nix/store/yzw8s9yshfqx6l47igrjyli7nkv9bnak-rust-lib-src.drv",
      "install_id": "rust-lib-src",
      "locked_url": "https://github.com/flox/nixpkgs?rev=52faf482a3889b7619003c0daec593a1912fddc1",
      "name": "rust-lib-src",
      "pname": "rustLibSrc",
      "rev": "52faf482a3889b7619003c0daec593a1912fddc1",
      "rev_count": 776537,
      "rev_date": "2025-03-30T06:12:12Z",
      "scrape_date": "2025-04-01T01:31:44.293496Z",
      "unfree": false,
      "version": "rust-lib-src",
      "outputs_to_install": [
        "out"
      ],
      "outputs": {
        "out": "/nix/store/nqy5prbnzw4vgcj4sah1dac25s5f243d-rust-lib-src"
      },
      "system": "aarch64-linux",
      "group": "rust-toolchain",
      "priority": 5
    },
    {
      "attr_path": "rustPlatform.rustLibSrc",
      "broken": false,
      "derivation": "/nix/store/xrriddck15k6ixfcayhmhzy96s1xzb87-rust-lib-src.drv",
      "install_id": "rust-lib-src",
      "locked_url": "https://github.com/flox/nixpkgs?rev=52faf482a3889b7619003c0daec593a1912fddc1",
      "name": "rust-lib-src",
      "pname": "rustLibSrc",
      "rev": "52faf482a3889b7619003c0daec593a1912fddc1",
      "rev_count": 776537,
      "rev_date": "2025-03-30T06:12:12Z",
      "scrape_date": "2025-04-01T01:47:40.453505Z",
      "unfree": false,
      "version": "rust-lib-src",
      "outputs_to_install": [
        "out"
      ],
      "outputs": {
        "out": "/nix/store/y1sp03aw269nngykqm0q0niwldvq5x4j-rust-lib-src"
      },
      "system": "x86_64-darwin",
      "group": "rust-toolchain",
      "priority": 5
    },
    {
      "attr_path": "rustPlatform.rustLibSrc",
      "broken": false,
      "derivation": "/nix/store/s045if4ilcbmvz3q43v0zgncq476q53p-rust-lib-src.drv",
      "install_id": "rust-lib-src",
      "locked_url": "https://github.com/flox/nixpkgs?rev=52faf482a3889b7619003c0daec593a1912fddc1",
      "name": "rust-lib-src",
      "pname": "rustLibSrc",
      "rev": "52faf482a3889b7619003c0daec593a1912fddc1",
      "rev_count": 776537,
      "rev_date": "2025-03-30T06:12:12Z",
      "scrape_date": "2025-04-01T02:08:37.638413Z",
      "unfree": false,
      "version": "rust-lib-src",
      "outputs_to_install": [
        "out"
      ],
      "outputs": {
        "out": "/nix/store/7qr2wv6z49k8s8jnj5a50s9szy7mxlzi-rust-lib-src"
      },
      "system": "x86_64-linux",
      "group": "rust-toolchain",
      "priority": 5
    },
    {
      "attr_path": "rustc",
      "broken": false,
      "derivation": "/nix/store/hk59x7mhicsdps077blg9dm9qn4g277z-rustc-wrapper-1.85.0.drv",
      "description": "Safe, concurrent, practical language (wrapper script)",
      "install_id": "rustc",
      "license": "[ MIT, Apache-2.0 ]",
      "locked_url": "https://github.com/flox/nixpkgs?rev=52faf482a3889b7619003c0daec593a1912fddc1",
      "name": "rustc-wrapper-1.85.0",
      "pname": "rustc",
      "rev": "52faf482a3889b7619003c0daec593a1912fddc1",
      "rev_count": 776537,
      "rev_date": "2025-03-30T06:12:12Z",
      "scrape_date": "2025-04-01T01:12:07.044204Z",
      "unfree": false,
      "version": "1.85.0",
      "outputs_to_install": [
        "man",
        "out"
      ],
      "outputs": {
        "doc": "/nix/store/qkk1dmb22icxry6znd675ja51knfpg04-rustc-wrapper-1.85.0-doc",
        "man": "/nix/store/1i72bkryqwspi1x7r3nyx3pmhw08hzyl-rustc-wrapper-1.85.0-man",
        "out": "/nix/store/09i285aci376jhda46idzcbhn4kjzzyh-rustc-wrapper-1.85.0"
      },
      "system": "aarch64-darwin",
      "group": "rust-toolchain",
      "priority": 5
    },
    {
      "attr_path": "rustc",
      "broken": false,
      "derivation": "/nix/store/bv84qy3f9llzsyhkyb9ikrrb0lx5li0p-rustc-wrapper-1.85.0.drv",
      "description": "Safe, concurrent, practical language (wrapper script)",
      "install_id": "rustc",
      "license": "[ MIT, Apache-2.0 ]",
      "locked_url": "https://github.com/flox/nixpkgs?rev=52faf482a3889b7619003c0daec593a1912fddc1",
      "name": "rustc-wrapper-1.85.0",
      "pname": "rustc",
      "rev": "52faf482a3889b7619003c0daec593a1912fddc1",
      "rev_count": 776537,
      "rev_date": "2025-03-30T06:12:12Z",
      "scrape_date": "2025-04-01T01:31:06.266337Z",
      "unfree": false,
      "version": "1.85.0",
      "outputs_to_install": [
        "man",
        "out"
      ],
      "outputs": {
        "doc": "/nix/store/3iwjm7c7p81cvia60mgix73cb00cyasc-rustc-wrapper-1.85.0-doc",
        "man": "/nix/store/yfyjf1bqnh95i708kqnnxmawcwyxrzhb-rustc-wrapper-1.85.0-man",
        "out": "/nix/store/x1xn6jpj1fb4ykcy42fhxfc717n9xwb8-rustc-wrapper-1.85.0"
      },
      "system": "aarch64-linux",
      "group": "rust-toolchain",
      "priority": 5
    },
    {
      "attr_path": "rustc",
      "broken": false,
      "derivation": "/nix/store/bi9dj1hpk7qlpxdiq5pgdyqaljhgjcym-rustc-wrapper-1.85.0.drv",
      "description": "Safe, concurrent, practical language (wrapper script)",
      "install_id": "rustc",
      "license": "[ MIT, Apache-2.0 ]",
      "locked_url": "https://github.com/flox/nixpkgs?rev=52faf482a3889b7619003c0daec593a1912fddc1",
      "name": "rustc-wrapper-1.85.0",
      "pname": "rustc",
      "rev": "52faf482a3889b7619003c0daec593a1912fddc1",
      "rev_count": 776537,
      "rev_date": "2025-03-30T06:12:12Z",
      "scrape_date": "2025-04-01T01:47:13.516524Z",
      "unfree": false,
      "version": "1.85.0",
      "outputs_to_install": [
        "man",
        "out"
      ],
      "outputs": {
        "doc": "/nix/store/i1mpf9c2zpdsq8mrkvfc89cnhlchc2y0-rustc-wrapper-1.85.0-doc",
        "man": "/nix/store/1hkp8zx2gkr76gfc6shyx4j44qdk7955-rustc-wrapper-1.85.0-man",
        "out": "/nix/store/79y3kxkgq5g5givwiici35k2f3lzf5px-rustc-wrapper-1.85.0"
      },
      "system": "x86_64-darwin",
      "group": "rust-toolchain",
      "priority": 5
    },
    {
      "attr_path": "rustc",
      "broken": false,
      "derivation": "/nix/store/mh0i37vsb1hslw2h1qfy6ys9p9zmjkhz-rustc-wrapper-1.85.0.drv",
      "description": "Safe, concurrent, practical language (wrapper script)",
      "install_id": "rustc",
      "license": "[ MIT, Apache-2.0 ]",
      "locked_url": "https://github.com/flox/nixpkgs?rev=52faf482a3889b7619003c0daec593a1912fddc1",
      "name": "rustc-wrapper-1.85.0",
      "pname": "rustc",
      "rev": "52faf482a3889b7619003c0daec593a1912fddc1",
      "rev_count": 776537,
      "rev_date": "2025-03-30T06:12:12Z",
      "scrape_date": "2025-04-01T02:07:55.821846Z",
      "unfree": false,
      "version": "1.85.0",
      "outputs_to_install": [
        "man",
        "out"
      ],
      "outputs": {
        "doc": "/nix/store/lswzhf0bmi2xz3429fiqs9idih41lzqy-rustc-wrapper-1.85.0-doc",
        "man": "/nix/store/kckf5ys6jcqy4vgg69zn3isdclv8qy5y-rustc-wrapper-1.85.0-man",
        "out": "/nix/store/kgm38w1xznn5d45c38pzjpzr1nrypwrr-rustc-wrapper-1.85.0"
      },
      "system": "x86_64-linux",
      "group": "rust-toolchain",
      "priority": 5
    },
    {
      "attr_path": "rustfmt",
      "broken": false,
      "derivation": "/nix/store/b34d92av5ajawsx7r8mridhbpil3zykd-rustfmt-1.85.0.drv",
      "description": "Tool for formatting Rust code according to style guidelines",
      "install_id": "rustfmt",
      "license": "[ MIT, Apache-2.0 ]",
      "locked_url": "https://github.com/flox/nixpkgs?rev=52faf482a3889b7619003c0daec593a1912fddc1",
      "name": "rustfmt-1.85.0",
      "pname": "rustfmt",
      "rev": "52faf482a3889b7619003c0daec593a1912fddc1",
      "rev_count": 776537,
      "rev_date": "2025-03-30T06:12:12Z",
      "scrape_date": "2025-04-01T01:12:07.051167Z",
      "unfree": false,
      "version": "1.85.0",
      "outputs_to_install": [
        "out"
      ],
      "outputs": {
        "out": "/nix/store/j4i9hn4bf821sqrq7xx57d1725zs68cs-rustfmt-1.85.0"
      },
      "system": "aarch64-darwin",
      "group": "rust-toolchain",
      "priority": 5
    },
    {
      "attr_path": "rustfmt",
      "broken": false,
      "derivation": "/nix/store/6ssgmp3xq3gaidj7x0j7q75773r5rxpw-rustfmt-1.85.0.drv",
      "description": "Tool for formatting Rust code according to style guidelines",
      "install_id": "rustfmt",
      "license": "[ MIT, Apache-2.0 ]",
      "locked_url": "https://github.com/flox/nixpkgs?rev=52faf482a3889b7619003c0daec593a1912fddc1",
      "name": "rustfmt-1.85.0",
      "pname": "rustfmt",
      "rev": "52faf482a3889b7619003c0daec593a1912fddc1",
      "rev_count": 776537,
      "rev_date": "2025-03-30T06:12:12Z",
      "scrape_date": "2025-04-01T01:31:06.279172Z",
      "unfree": false,
      "version": "1.85.0",
      "outputs_to_install": [
        "out"
      ],
      "outputs": {
        "out": "/nix/store/xga139vilnhvyh7znd60b30xnf4ylkx3-rustfmt-1.85.0"
      },
      "system": "aarch64-linux",
      "group": "rust-toolchain",
      "priority": 5
    },
    {
      "attr_path": "rustfmt",
      "broken": false,
      "derivation": "/nix/store/3algpg8hbkyhmnaq3c0k2hj02ai4xjcz-rustfmt-1.85.0.drv",
      "description": "Tool for formatting Rust code according to style guidelines",
      "install_id": "rustfmt",
      "license": "[ MIT, Apache-2.0 ]",
      "locked_url": "https://github.com/flox/nixpkgs?rev=52faf482a3889b7619003c0daec593a1912fddc1",
      "name": "rustfmt-1.85.0",
      "pname": "rustfmt",
      "rev": "52faf482a3889b7619003c0daec593a1912fddc1",
      "rev_count": 776537,
      "rev_date": "2025-03-30T06:12:12Z",
      "scrape_date": "2025-04-01T01:47:13.523506Z",
      "unfree": false,
      "version": "1.85.0",
      "outputs_to_install": [
        "out"
      ],
      "outputs": {
        "out": "/nix/store/hn0kr0ygr6v0gm1138p7nh91fhmcdzvw-rustfmt-1.85.0"
      },
      "system": "x86_64-darwin",
      "group": "rust-toolchain",
      "priority": 5
    },
    {
      "attr_path": "rustfmt",
      "broken": false,
      "derivation": "/nix/store/52cg2cc4vyl02224s75xy0sgxf4nc131-rustfmt-1.85.0.drv",
      "description": "Tool for formatting Rust code according to style guidelines",
      "install_id": "rustfmt",
      "license": "[ MIT, Apache-2.0 ]",
      "locked_url": "https://github.com/flox/nixpkgs?rev=52faf482a3889b7619003c0daec593a1912fddc1",
      "name": "rustfmt-1.85.0",
      "pname": "rustfmt",
      "rev": "52faf482a3889b7619003c0daec593a1912fddc1",
      "rev_count": 776537,
      "rev_date": "2025-03-30T06:12:12Z",
      "scrape_date": "2025-04-01T02:07:55.837695Z",
      "unfree": false,
      "version": "1.85.0",
      "outputs_to_install": [
        "out"
      ],
      "outputs": {
        "out": "/nix/store/8gq3svxkk18glx27kz8qgv64gclj6x8l-rustfmt-1.85.0"
      },
      "system": "x86_64-linux",
      "group": "rust-toolchain",
      "priority": 5
    },
    {
      "attr_path": "cargo-nextest",
      "broken": false,
      "derivation": "/nix/store/2i8849blrhyd5pw6jq7w41gkifxlj4rd-cargo-nextest-0.9.93.drv",
      "description": "Next-generation test runner for Rust projects",
      "install_id": "cargo-nextest",
      "license": "[ MIT, Apache-2.0 ]",
      "locked_url": "https://github.com/flox/nixpkgs?rev=5e5402ecbcb27af32284d4a62553c019a3a49ea6",
      "name": "cargo-nextest-0.9.93",
      "pname": "cargo-nextest",
      "rev": "5e5402ecbcb27af32284d4a62553c019a3a49ea6",
      "rev_count": 775060,
      "rev_date": "2025-03-27T17:14:43Z",
      "scrape_date": "2025-03-29T01:10:05.170736Z",
      "stabilities": [
        "unstable"
      ],
      "unfree": false,
      "version": "0.9.93",
      "outputs_to_install": [
        "out"
      ],
      "outputs": {
        "out": "/nix/store/nrzm4808fs6kd35sbv6bmawin0kkxg1n-cargo-nextest-0.9.93"
      },
      "system": "aarch64-darwin",
      "group": "toplevel",
      "priority": 5
    },
    {
      "attr_path": "cargo-nextest",
      "broken": false,
      "derivation": "/nix/store/jlrzmfa43w1y0nm44kg5aalbpvbk0n7j-cargo-nextest-0.9.93.drv",
      "description": "Next-generation test runner for Rust projects",
      "install_id": "cargo-nextest",
      "license": "[ MIT, Apache-2.0 ]",
      "locked_url": "https://github.com/flox/nixpkgs?rev=5e5402ecbcb27af32284d4a62553c019a3a49ea6",
      "name": "cargo-nextest-0.9.93",
      "pname": "cargo-nextest",
      "rev": "5e5402ecbcb27af32284d4a62553c019a3a49ea6",
      "rev_count": 775060,
      "rev_date": "2025-03-27T17:14:43Z",
      "scrape_date": "2025-03-29T01:27:28.579328Z",
      "stabilities": [
        "unstable"
      ],
      "unfree": false,
      "version": "0.9.93",
      "outputs_to_install": [
        "out"
      ],
      "outputs": {
        "out": "/nix/store/iyk8dsfd14iqz19nrdldhavwbqn402qv-cargo-nextest-0.9.93"
      },
      "system": "aarch64-linux",
      "group": "toplevel",
      "priority": 5
    },
    {
      "attr_path": "cargo-nextest",
      "broken": false,
      "derivation": "/nix/store/1a7h9bklzjzca7s6bjwn2mrsq0ka2vxc-cargo-nextest-0.9.93.drv",
      "description": "Next-generation test runner for Rust projects",
      "install_id": "cargo-nextest",
      "license": "[ MIT, Apache-2.0 ]",
      "locked_url": "https://github.com/flox/nixpkgs?rev=5e5402ecbcb27af32284d4a62553c019a3a49ea6",
      "name": "cargo-nextest-0.9.93",
      "pname": "cargo-nextest",
      "rev": "5e5402ecbcb27af32284d4a62553c019a3a49ea6",
      "rev_count": 775060,
      "rev_date": "2025-03-27T17:14:43Z",
      "scrape_date": "2025-03-29T01:42:39.932508Z",
      "stabilities": [
        "unstable"
      ],
      "unfree": false,
      "version": "0.9.93",
      "outputs_to_install": [
        "out"
      ],
      "outputs": {
        "out": "/nix/store/sclbq8dhmb0mmwdfi37v5jip41rphqkz-cargo-nextest-0.9.93"
      },
      "system": "x86_64-darwin",
      "group": "toplevel",
      "priority": 5
    },
    {
      "attr_path": "cargo-nextest",
      "broken": false,
      "derivation": "/nix/store/ls6rzl8cap6p7zbsvf326f2ycmm2fxzs-cargo-nextest-0.9.93.drv",
      "description": "Next-generation test runner for Rust projects",
      "install_id": "cargo-nextest",
      "license": "[ MIT, Apache-2.0 ]",
      "locked_url": "https://github.com/flox/nixpkgs?rev=5e5402ecbcb27af32284d4a62553c019a3a49ea6",
      "name": "cargo-nextest-0.9.93",
      "pname": "cargo-nextest",
      "rev": "5e5402ecbcb27af32284d4a62553c019a3a49ea6",
      "rev_count": 775060,
      "rev_date": "2025-03-27T17:14:43Z",
      "scrape_date": "2025-03-29T02:01:05.218585Z",
      "stabilities": [
        "unstable"
      ],
      "unfree": false,
      "version": "0.9.93",
      "outputs_to_install": [
        "out"
      ],
      "outputs": {
        "out": "/nix/store/d1g0ypv08a50016f8r8ix8bwxad9zany-cargo-nextest-0.9.93"
      },
      "system": "x86_64-linux",
      "group": "toplevel",
      "priority": 5
    },
    {
      "attr_path": "clang",
      "broken": false,
      "derivation": "/nix/store/2ph78h23d1v6jxlw2gq8ffdz4yzayprz-clang-wrapper-19.1.7.drv",
      "description": "C language family frontend for LLVM (wrapper script)",
      "install_id": "clang",
      "license": "[ NCSA, Apache-2.0, LLVM-exception ]",
      "locked_url": "https://github.com/flox/nixpkgs?rev=5e5402ecbcb27af32284d4a62553c019a3a49ea6",
      "name": "clang-wrapper-19.1.7",
      "pname": "clang",
      "rev": "5e5402ecbcb27af32284d4a62553c019a3a49ea6",
      "rev_count": 775060,
      "rev_date": "2025-03-27T17:14:43Z",
      "scrape_date": "2025-03-29T01:10:05.258338Z",
      "stabilities": [
        "unstable"
      ],
      "unfree": false,
      "version": "19.1.7",
      "outputs_to_install": [
        "out"
      ],
      "outputs": {
        "out": "/nix/store/5qawh29l2yhzj0l9a7ybbb3nzwkpis4a-clang-wrapper-19.1.7"
      },
      "system": "aarch64-darwin",
      "group": "toplevel",
      "priority": 5
    },
    {
      "attr_path": "gcc",
      "broken": false,
      "derivation": "/nix/store/nglrkx612sf444c38sw41c6qx4wa4sak-gcc-wrapper-14-20241116.drv",
      "description": "GNU Compiler Collection, version 14-20241116 (wrapper script)",
      "install_id": "gcc",
      "license": "GPL-3.0-or-later",
      "locked_url": "https://github.com/flox/nixpkgs?rev=5e5402ecbcb27af32284d4a62553c019a3a49ea6",
      "name": "gcc-wrapper-14-20241116",
      "pname": "gcc",
      "rev": "5e5402ecbcb27af32284d4a62553c019a3a49ea6",
      "rev_count": 775060,
      "rev_date": "2025-03-27T17:14:43Z",
      "scrape_date": "2025-03-29T01:27:29.417010Z",
      "stabilities": [
        "unstable"
      ],
      "unfree": false,
      "version": "14-20241116",
      "outputs_to_install": [
        "man",
        "out"
      ],
      "outputs": {
        "info": "/nix/store/gn5xrhkbxpklhngr1j2limdlrpn72zv9-gcc-wrapper-14-20241116-info",
        "man": "/nix/store/7ih0ihzdx4mx599j18sy81wp5qv4gqqz-gcc-wrapper-14-20241116-man",
        "out": "/nix/store/6cpyrcg1zi4a89bg80vfqfdwb6nr81fr-gcc-wrapper-14-20241116"
      },
      "system": "aarch64-linux",
      "group": "toplevel",
      "priority": 5
    },
    {
      "attr_path": "gcc",
      "broken": false,
      "derivation": "/nix/store/36z307dfy7c9lawjln92m26yyy1zwgaw-gcc-wrapper-14-20241116.drv",
      "description": "GNU Compiler Collection, version 14-20241116 (wrapper script)",
      "install_id": "gcc",
      "license": "GPL-3.0-or-later",
      "locked_url": "https://github.com/flox/nixpkgs?rev=5e5402ecbcb27af32284d4a62553c019a3a49ea6",
      "name": "gcc-wrapper-14-20241116",
      "pname": "gcc",
      "rev": "5e5402ecbcb27af32284d4a62553c019a3a49ea6",
      "rev_count": 775060,
      "rev_date": "2025-03-27T17:14:43Z",
      "scrape_date": "2025-03-29T02:01:06.172100Z",
      "stabilities": [
        "unstable"
      ],
      "unfree": false,
      "version": "14-20241116",
      "outputs_to_install": [
        "man",
        "out"
      ],
      "outputs": {
        "info": "/nix/store/8dqf93x2xbjnl0krj6qqgvrrx7nz9zhy-gcc-wrapper-14-20241116-info",
        "man": "/nix/store/4ssb0cgvrgmpr2n97q8l305f43s28j85-gcc-wrapper-14-20241116-man",
        "out": "/nix/store/8v6k283dpbc0qkdq81nb6mrxrgcb10i1-gcc-wrapper-14-20241116"
      },
      "system": "x86_64-linux",
      "group": "toplevel",
      "priority": 5
    },
    {
      "attr_path": "jujutsu",
      "broken": false,
      "derivation": "/nix/store/9rv2sdijqw623yhhqjh21rppq2iy397m-jujutsu-0.27.0.drv",
      "description": "Git-compatible DVCS that is both simple and powerful",
      "install_id": "jujutsu",
      "license": "Apache-2.0",
      "locked_url": "https://github.com/flox/nixpkgs?rev=5e5402ecbcb27af32284d4a62553c019a3a49ea6",
      "name": "jujutsu-0.27.0",
      "pname": "jujutsu",
      "rev": "5e5402ecbcb27af32284d4a62553c019a3a49ea6",
      "rev_count": 775060,
      "rev_date": "2025-03-27T17:14:43Z",
      "scrape_date": "2025-03-29T01:10:06.128262Z",
      "stabilities": [
        "unstable"
      ],
      "unfree": false,
      "version": "0.27.0",
      "outputs_to_install": [
        "out"
      ],
      "outputs": {
        "out": "/nix/store/w8cbv65im9kkqa1f3090d9cf3zcw6w53-jujutsu-0.27.0"
      },
      "system": "aarch64-darwin",
      "group": "toplevel",
      "priority": 5
    },
    {
      "attr_path": "jujutsu",
      "broken": false,
      "derivation": "/nix/store/l2b1my5j32xxh9v1liyd258wxmzfgbx0-jujutsu-0.27.0.drv",
      "description": "Git-compatible DVCS that is both simple and powerful",
      "install_id": "jujutsu",
      "license": "Apache-2.0",
      "locked_url": "https://github.com/flox/nixpkgs?rev=5e5402ecbcb27af32284d4a62553c019a3a49ea6",
      "name": "jujutsu-0.27.0",
      "pname": "jujutsu",
      "rev": "5e5402ecbcb27af32284d4a62553c019a3a49ea6",
      "rev_count": 775060,
      "rev_date": "2025-03-27T17:14:43Z",
      "scrape_date": "2025-03-29T01:27:30.982609Z",
      "stabilities": [
        "unstable"
      ],
      "unfree": false,
      "version": "0.27.0",
      "outputs_to_install": [
        "out"
      ],
      "outputs": {
        "out": "/nix/store/qvdigrmzpssz0ndsggmapw3i3ar930r7-jujutsu-0.27.0"
      },
      "system": "aarch64-linux",
      "group": "toplevel",
      "priority": 5
    },
    {
      "attr_path": "jujutsu",
      "broken": false,
      "derivation": "/nix/store/i70xnxljvz3bp57kqzhjr8d59ss53wh6-jujutsu-0.27.0.drv",
      "description": "Git-compatible DVCS that is both simple and powerful",
      "install_id": "jujutsu",
      "license": "Apache-2.0",
      "locked_url": "https://github.com/flox/nixpkgs?rev=5e5402ecbcb27af32284d4a62553c019a3a49ea6",
      "name": "jujutsu-0.27.0",
      "pname": "jujutsu",
      "rev": "5e5402ecbcb27af32284d4a62553c019a3a49ea6",
      "rev_count": 775060,
      "rev_date": "2025-03-27T17:14:43Z",
      "scrape_date": "2025-03-29T01:42:40.932589Z",
      "stabilities": [
        "unstable"
      ],
      "unfree": false,
      "version": "0.27.0",
      "outputs_to_install": [
        "out"
      ],
      "outputs": {
        "out": "/nix/store/f0qrm8q0lm3s61q0d4r5d1igihgfqrxf-jujutsu-0.27.0"
      },
      "system": "x86_64-darwin",
      "group": "toplevel",
      "priority": 5
    },
    {
      "attr_path": "jujutsu",
      "broken": false,
      "derivation": "/nix/store/7f268h4m0xw78fw17xcazgi9nj9mqy6g-jujutsu-0.27.0.drv",
      "description": "Git-compatible DVCS that is both simple and powerful",
      "install_id": "jujutsu",
      "license": "Apache-2.0",
      "locked_url": "https://github.com/flox/nixpkgs?rev=5e5402ecbcb27af32284d4a62553c019a3a49ea6",
      "name": "jujutsu-0.27.0",
      "pname": "jujutsu",
      "rev": "5e5402ecbcb27af32284d4a62553c019a3a49ea6",
      "rev_count": 775060,
      "rev_date": "2025-03-27T17:14:43Z",
      "scrape_date": "2025-03-29T02:01:07.956374Z",
      "stabilities": [
        "unstable"
      ],
      "unfree": false,
      "version": "0.27.0",
      "outputs_to_install": [
        "out"
      ],
      "outputs": {
        "out": "/nix/store/bymxfy3k79wdh5m6rzr4m2mpswgydii4-jujutsu-0.27.0"
      },
      "system": "x86_64-linux",
      "group": "toplevel",
      "priority": 5
    },
    {
      "attr_path": "libiconv",
      "broken": false,
      "derivation": "/nix/store/zk2blhn01n1q1434bqfrjblangpmav6j-libiconv-109.drv",
      "description": "Iconv(3) implementation",
      "install_id": "libiconv",
      "license": "[ BSD-2-Clause, BSD-3-Clause, APSL-1.0 ]",
      "locked_url": "https://github.com/flox/nixpkgs?rev=5e5402ecbcb27af32284d4a62553c019a3a49ea6",
      "name": "libiconv-109",
      "pname": "libiconv",
      "rev": "5e5402ecbcb27af32284d4a62553c019a3a49ea6",
      "rev_count": 775060,
      "rev_date": "2025-03-27T17:14:43Z",
      "scrape_date": "2025-03-29T01:10:06.397737Z",
      "stabilities": [
        "unstable"
      ],
      "unfree": false,
      "version": "109",
      "outputs_to_install": [
        "out"
      ],
      "outputs": {
        "dev": "/nix/store/j57f2k37j99zypb8ilx576xgifm7q12h-libiconv-109-dev",
        "out": "/nix/store/aiaj38lcmq5gvzirdbypqi3rrn19hxnb-libiconv-109"
      },
      "system": "aarch64-darwin",
      "group": "toplevel",
      "priority": 5
    },
    {
      "attr_path": "nodejs",
      "broken": false,
      "derivation": "/nix/store/4bl62dvqxj7m1c9jf0h6i7dj8kvmfph3-nodejs-22.14.0.drv",
      "description": "Event-driven I/O framework for the V8 JavaScript engine",
      "install_id": "nodejs",
      "license": "MIT",
      "locked_url": "https://github.com/flox/nixpkgs?rev=5e5402ecbcb27af32284d4a62553c019a3a49ea6",
      "name": "nodejs-22.14.0",
      "pname": "nodejs",
      "rev": "5e5402ecbcb27af32284d4a62553c019a3a49ea6",
      "rev_count": 775060,
      "rev_date": "2025-03-27T17:14:43Z",
      "scrape_date": "2025-03-29T01:10:07.852948Z",
      "stabilities": [
        "unstable"
      ],
      "unfree": false,
      "version": "22.14.0",
      "outputs_to_install": [
        "out"
      ],
      "outputs": {
        "libv8": "/nix/store/4m6xhygkx74fsd5k99nihgr7vg85f553-nodejs-22.14.0-libv8",
        "out": "/nix/store/i1v519j66jmvpqr5h382i9nanxwa5l6n-nodejs-22.14.0"
      },
      "system": "aarch64-darwin",
      "group": "toplevel",
      "priority": 5
    },
    {
      "attr_path": "nodejs",
      "broken": false,
      "derivation": "/nix/store/m8khc780w6kw2yrzfg4f6d53d8midsr2-nodejs-22.14.0.drv",
      "description": "Event-driven I/O framework for the V8 JavaScript engine",
      "install_id": "nodejs",
      "license": "MIT",
      "locked_url": "https://github.com/flox/nixpkgs?rev=5e5402ecbcb27af32284d4a62553c019a3a49ea6",
      "name": "nodejs-22.14.0",
      "pname": "nodejs",
      "rev": "5e5402ecbcb27af32284d4a62553c019a3a49ea6",
      "rev_count": 775060,
      "rev_date": "2025-03-27T17:14:43Z",
      "scrape_date": "2025-03-29T01:27:38.442015Z",
      "stabilities": [
        "unstable"
      ],
      "unfree": false,
      "version": "22.14.0",
      "outputs_to_install": [
        "out"
      ],
      "outputs": {
        "libv8": "/nix/store/s8407q9aa2mi2b60zk2mkjjdnv4qw87x-nodejs-22.14.0-libv8",
        "out": "/nix/store/p6183qmkyfkz5sqlv4wbw6a2nnh1r8jf-nodejs-22.14.0"
      },
      "system": "aarch64-linux",
      "group": "toplevel",
      "priority": 5
    },
    {
      "attr_path": "nodejs",
      "broken": false,
      "derivation": "/nix/store/196ab1kxhfzgd8vv2vspas0r7h4hxks8-nodejs-22.14.0.drv",
      "description": "Event-driven I/O framework for the V8 JavaScript engine",
      "install_id": "nodejs",
      "license": "MIT",
      "locked_url": "https://github.com/flox/nixpkgs?rev=5e5402ecbcb27af32284d4a62553c019a3a49ea6",
      "name": "nodejs-22.14.0",
      "pname": "nodejs",
      "rev": "5e5402ecbcb27af32284d4a62553c019a3a49ea6",
      "rev_count": 775060,
      "rev_date": "2025-03-27T17:14:43Z",
      "scrape_date": "2025-03-29T01:42:42.637999Z",
      "stabilities": [
        "unstable"
      ],
      "unfree": false,
      "version": "22.14.0",
      "outputs_to_install": [
        "out"
      ],
      "outputs": {
        "libv8": "/nix/store/sx5pbfq09qkl6bfxcljmhf5s1z049693-nodejs-22.14.0-libv8",
        "out": "/nix/store/mxpq0x25ayiliy6938pflhqvfc1nznkl-nodejs-22.14.0"
      },
      "system": "x86_64-darwin",
      "group": "toplevel",
      "priority": 5
    },
    {
      "attr_path": "nodejs",
      "broken": false,
      "derivation": "/nix/store/krrkhhd5vs17c7mx5zrqivf0rrl8w8kq-nodejs-22.14.0.drv",
      "description": "Event-driven I/O framework for the V8 JavaScript engine",
      "install_id": "nodejs",
      "license": "MIT",
      "locked_url": "https://github.com/flox/nixpkgs?rev=5e5402ecbcb27af32284d4a62553c019a3a49ea6",
      "name": "nodejs-22.14.0",
      "pname": "nodejs",
      "rev": "5e5402ecbcb27af32284d4a62553c019a3a49ea6",
      "rev_count": 775060,
      "rev_date": "2025-03-27T17:14:43Z",
      "scrape_date": "2025-03-29T02:01:17.022125Z",
      "stabilities": [
        "unstable"
      ],
      "unfree": false,
      "version": "22.14.0",
      "outputs_to_install": [
        "out"
      ],
      "outputs": {
        "libv8": "/nix/store/j4w6685rkqwwl03cc8phm8xiyb2xmbnq-nodejs-22.14.0-libv8",
        "out": "/nix/store/bmakyv5ip1wc9jk155glzdw4vnnrym04-nodejs-22.14.0"
      },
      "system": "x86_64-linux",
      "group": "toplevel",
      "priority": 5
    },
    {
      "attr_path": "yek",
      "broken": false,
      "derivation": "/nix/store/i1s3c795mndpi3jg8xf7zxg1hgmwj823-yek-0.21.0.drv",
      "description": "Serialize text files for LLM consumption",
      "install_id": "yek",
      "license": "MIT",
      "locked_url": "https://github.com/flox/nixpkgs?rev=5e5402ecbcb27af32284d4a62553c019a3a49ea6",
      "name": "yek-0.21.0",
      "pname": "yek",
      "rev": "5e5402ecbcb27af32284d4a62553c019a3a49ea6",
      "rev_count": 775060,
      "rev_date": "2025-03-27T17:14:43Z",
      "scrape_date": "2025-03-29T01:11:00.075731Z",
      "stabilities": [
        "unstable"
      ],
      "unfree": false,
      "version": "0.21.0",
      "outputs_to_install": [
        "out"
      ],
      "outputs": {
        "out": "/nix/store/dwsza960jwp3rswi6vmrv8x8j4m0vm6c-yek-0.21.0"
      },
      "system": "aarch64-darwin",
      "group": "toplevel",
      "priority": 5
    },
    {
      "attr_path": "yek",
      "broken": false,
      "derivation": "/nix/store/bxcjjp0ifp1p1zadmy4iwngldk4bk68y-yek-0.21.0.drv",
      "description": "Serialize text files for LLM consumption",
      "install_id": "yek",
      "license": "MIT",
      "locked_url": "https://github.com/flox/nixpkgs?rev=5e5402ecbcb27af32284d4a62553c019a3a49ea6",
      "name": "yek-0.21.0",
      "pname": "yek",
      "rev": "5e5402ecbcb27af32284d4a62553c019a3a49ea6",
      "rev_count": 775060,
      "rev_date": "2025-03-27T17:14:43Z",
      "scrape_date": "2025-03-29T01:28:57.703882Z",
      "stabilities": [
        "unstable"
      ],
      "unfree": false,
      "version": "0.21.0",
      "outputs_to_install": [
        "out"
      ],
      "outputs": {
        "out": "/nix/store/dkpw0r0cqdwf1w71kkyflpdk8ahjn3j6-yek-0.21.0"
      },
      "system": "aarch64-linux",
      "group": "toplevel",
      "priority": 5
    },
    {
      "attr_path": "yek",
      "broken": false,
      "derivation": "/nix/store/v6z7g6k82lzsp5fv55zqqmkmci3b4lr3-yek-0.21.0.drv",
      "description": "Serialize text files for LLM consumption",
      "install_id": "yek",
      "license": "MIT",
      "locked_url": "https://github.com/flox/nixpkgs?rev=5e5402ecbcb27af32284d4a62553c019a3a49ea6",
      "name": "yek-0.21.0",
      "pname": "yek",
      "rev": "5e5402ecbcb27af32284d4a62553c019a3a49ea6",
      "rev_count": 775060,
      "rev_date": "2025-03-27T17:14:43Z",
      "scrape_date": "2025-03-29T01:43:35.219626Z",
      "stabilities": [
        "unstable"
      ],
      "unfree": false,
      "version": "0.21.0",
      "outputs_to_install": [
        "out"
      ],
      "outputs": {
        "out": "/nix/store/zx6mc42gxmzgkpdcdh05xr2drx1fr6ws-yek-0.21.0"
      },
      "system": "x86_64-darwin",
      "group": "toplevel",
      "priority": 5
    },
    {
      "attr_path": "yek",
      "broken": false,
      "derivation": "/nix/store/f9i32wakvc00xsz2pkbhhmgslas4p944-yek-0.21.0.drv",
      "description": "Serialize text files for LLM consumption",
      "install_id": "yek",
      "license": "MIT",
      "locked_url": "https://github.com/flox/nixpkgs?rev=5e5402ecbcb27af32284d4a62553c019a3a49ea6",
      "name": "yek-0.21.0",
      "pname": "yek",
      "rev": "5e5402ecbcb27af32284d4a62553c019a3a49ea6",
      "rev_count": 775060,
      "rev_date": "2025-03-27T17:14:43Z",
      "scrape_date": "2025-03-29T02:02:43.193852Z",
      "stabilities": [
        "unstable"
      ],
      "unfree": false,
      "version": "0.21.0",
      "outputs_to_install": [
        "out"
      ],
      "outputs": {
        "out": "/nix/store/cgbr2y26dbnzaz9hnnv1p10pi5p6aw3d-yek-0.21.0"
      },
      "system": "x86_64-linux",
      "group": "toplevel",
      "priority": 5
    }
  ]
}